// !$*UTF8*$!
{
	archiveVersion = 1;
	classes = {
	};
	objectVersion = 46;
	objects = {

/* Begin PBXBuildFile section */
		8319AFB71677BFF8005E28BB /* MagicalImportFunctions.m in Sources */ = {isa = PBXBuildFile; fileRef = 8319AF7F1677BFF8005E28BB /* MagicalImportFunctions.m */; };
		8319AFB81677BFF8005E28BB /* NSAttributeDescription+MagicalDataImport.m in Sources */ = {isa = PBXBuildFile; fileRef = 8319AF811677BFF8005E28BB /* NSAttributeDescription+MagicalDataImport.m */; };
		8319AFB91677BFF8005E28BB /* NSEntityDescription+MagicalDataImport.m in Sources */ = {isa = PBXBuildFile; fileRef = 8319AF831677BFF8005E28BB /* NSEntityDescription+MagicalDataImport.m */; };
		8319AFBA1677BFF8005E28BB /* NSNumber+MagicalDataImport.m in Sources */ = {isa = PBXBuildFile; fileRef = 8319AF851677BFF8005E28BB /* NSNumber+MagicalDataImport.m */; };
		8319AFBB1677BFF8005E28BB /* NSObject+MagicalDataImport.m in Sources */ = {isa = PBXBuildFile; fileRef = 8319AF871677BFF8005E28BB /* NSObject+MagicalDataImport.m */; };
		8319AFBC1677BFF8005E28BB /* NSRelationshipDescription+MagicalDataImport.m in Sources */ = {isa = PBXBuildFile; fileRef = 8319AF891677BFF8005E28BB /* NSRelationshipDescription+MagicalDataImport.m */; };
		8319AFBD1677BFF8005E28BB /* NSString+MagicalDataImport.m in Sources */ = {isa = PBXBuildFile; fileRef = 8319AF8B1677BFF8005E28BB /* NSString+MagicalDataImport.m */; };
		8319AFBE1677BFF8005E28BB /* NSManagedObject+MagicalAggregation.m in Sources */ = {isa = PBXBuildFile; fileRef = 8319AF8E1677BFF8005E28BB /* NSManagedObject+MagicalAggregation.m */; };
		8319AFBF1677BFF8005E28BB /* NSManagedObject+MagicalDataImport.m in Sources */ = {isa = PBXBuildFile; fileRef = 8319AF901677BFF8005E28BB /* NSManagedObject+MagicalDataImport.m */; };
		8319AFC01677BFF8005E28BB /* NSManagedObject+MagicalFinders.m in Sources */ = {isa = PBXBuildFile; fileRef = 8319AF921677BFF8005E28BB /* NSManagedObject+MagicalFinders.m */; };
		8319AFC11677BFF8005E28BB /* NSManagedObject+MagicalRecord.m in Sources */ = {isa = PBXBuildFile; fileRef = 8319AF941677BFF8005E28BB /* NSManagedObject+MagicalRecord.m */; };
		8319AFC21677BFF8005E28BB /* NSManagedObject+MagicalRequests.m in Sources */ = {isa = PBXBuildFile; fileRef = 8319AF961677BFF8005E28BB /* NSManagedObject+MagicalRequests.m */; };
		8319AFC31677BFF8005E28BB /* NSManagedObjectContext+MagicalObserving.m in Sources */ = {isa = PBXBuildFile; fileRef = 8319AF991677BFF8005E28BB /* NSManagedObjectContext+MagicalObserving.m */; };
		8319AFC41677BFF8005E28BB /* NSManagedObjectContext+MagicalRecord.m in Sources */ = {isa = PBXBuildFile; fileRef = 8319AF9B1677BFF8005E28BB /* NSManagedObjectContext+MagicalRecord.m */; };
		8319AFC51677BFF8005E28BB /* NSManagedObjectContext+MagicalSaves.m in Sources */ = {isa = PBXBuildFile; fileRef = 8319AF9D1677BFF8005E28BB /* NSManagedObjectContext+MagicalSaves.m */; };
		8319AFC61677BFF8005E28BB /* NSManagedObjectContext+MagicalThreading.m in Sources */ = {isa = PBXBuildFile; fileRef = 8319AF9F1677BFF8005E28BB /* NSManagedObjectContext+MagicalThreading.m */; };
		8319AFC71677BFF8005E28BB /* NSManagedObjectModel+MagicalRecord.m in Sources */ = {isa = PBXBuildFile; fileRef = 8319AFA11677BFF8005E28BB /* NSManagedObjectModel+MagicalRecord.m */; };
		8319AFC81677BFF8005E28BB /* NSPersistentStore+MagicalRecord.m in Sources */ = {isa = PBXBuildFile; fileRef = 8319AFA31677BFF8005E28BB /* NSPersistentStore+MagicalRecord.m */; };
		8319AFC91677BFF8005E28BB /* NSPersistentStoreCoordinator+MagicalRecord.m in Sources */ = {isa = PBXBuildFile; fileRef = 8319AFA51677BFF8005E28BB /* NSPersistentStoreCoordinator+MagicalRecord.m */; };
		8319AFCA1677BFF8005E28BB /* MagicalRecord+Actions.m in Sources */ = {isa = PBXBuildFile; fileRef = 8319AFA81677BFF8005E28BB /* MagicalRecord+Actions.m */; };
		8319AFCB1677BFF8005E28BB /* MagicalRecord+ErrorHandling.m in Sources */ = {isa = PBXBuildFile; fileRef = 8319AFAA1677BFF8005E28BB /* MagicalRecord+ErrorHandling.m */; };
		8319AFCC1677BFF8005E28BB /* MagicalRecord+iCloud.m in Sources */ = {isa = PBXBuildFile; fileRef = 8319AFAC1677BFF8005E28BB /* MagicalRecord+iCloud.m */; };
		8319AFCD1677BFF8005E28BB /* MagicalRecord+Options.m in Sources */ = {isa = PBXBuildFile; fileRef = 8319AFAE1677BFF8005E28BB /* MagicalRecord+Options.m */; };
		8319AFCE1677BFF8005E28BB /* MagicalRecord+Setup.m in Sources */ = {isa = PBXBuildFile; fileRef = 8319AFB01677BFF8005E28BB /* MagicalRecord+Setup.m */; };
		8319AFCF1677BFF8005E28BB /* MagicalRecord+ShorthandSupport.m in Sources */ = {isa = PBXBuildFile; fileRef = 8319AFB21677BFF8005E28BB /* MagicalRecord+ShorthandSupport.m */; };
		8319AFD01677BFF8005E28BB /* MagicalRecord.m in Sources */ = {isa = PBXBuildFile; fileRef = 8319AFB41677BFF8005E28BB /* MagicalRecord.m */; };
		8319AFE11677C0DC005E28BB /* libSSToolkit.a in Frameworks */ = {isa = PBXBuildFile; fileRef = 8319AFD81677C09F005E28BB /* libSSToolkit.a */; };
		8319AFE21677C0F8005E28BB /* SSToolkitResources.bundle in Resources */ = {isa = PBXBuildFile; fileRef = 8319AFDC1677C09F005E28BB /* SSToolkitResources.bundle */; };
		8319AFFD1677C295005E28BB /* FacingView.m in Sources */ = {isa = PBXBuildFile; fileRef = 8319AFE71677C295005E28BB /* FacingView.m */; };
		8319AFFE1677C295005E28BB /* FoldView.m in Sources */ = {isa = PBXBuildFile; fileRef = 8319AFE91677C295005E28BB /* FoldView.m */; };
		8319AFFF1677C295005E28BB /* MultiFoldView.m in Sources */ = {isa = PBXBuildFile; fileRef = 8319AFEB1677C295005E28BB /* MultiFoldView.m */; };
		8319B0001677C295005E28BB /* PaperFoldNavigationController.m in Sources */ = {isa = PBXBuildFile; fileRef = 8319AFEE1677C295005E28BB /* PaperFoldNavigationController.m */; };
		8319B0011677C295005E28BB /* PaperFoldResources.bundle in Resources */ = {isa = PBXBuildFile; fileRef = 8319AFEF1677C295005E28BB /* PaperFoldResources.bundle */; };
		8319B0021677C295005E28BB /* PaperFoldSwipeHintView.m in Sources */ = {isa = PBXBuildFile; fileRef = 8319AFF11677C295005E28BB /* PaperFoldSwipeHintView.m */; };
		8319B0031677C295005E28BB /* PaperFoldView.m in Sources */ = {isa = PBXBuildFile; fileRef = 8319AFF31677C295005E28BB /* PaperFoldView.m */; };
		8319B0041677C295005E28BB /* swipe_guide.psd in Resources */ = {isa = PBXBuildFile; fileRef = 8319AFF51677C295005E28BB /* swipe_guide.psd */; };
		8319B0051677C295005E28BB /* swipe_guide2.psd in Resources */ = {isa = PBXBuildFile; fileRef = 8319AFF61677C295005E28BB /* swipe_guide2.psd */; };
		8319B0061677C295005E28BB /* ShadowView.m in Sources */ = {isa = PBXBuildFile; fileRef = 8319AFF81677C295005E28BB /* ShadowView.m */; };
		8319B0071677C295005E28BB /* TouchThroughUIView.m in Sources */ = {isa = PBXBuildFile; fileRef = 8319AFFA1677C295005E28BB /* TouchThroughUIView.m */; };
		8319B0081677C295005E28BB /* UIView+Screenshot.m in Sources */ = {isa = PBXBuildFile; fileRef = 8319AFFC1677C295005E28BB /* UIView+Screenshot.m */; };
		8319B00A1677C6E0005E28BB /* MapKit.framework in Frameworks */ = {isa = PBXBuildFile; fileRef = 8319B0091677C6E0005E28BB /* MapKit.framework */; };
		833146D51678D2E5000F9654 /* WineFilterFoldViewController.m in Sources */ = {isa = PBXBuildFile; fileRef = 833146D41678D2E5000F9654 /* WineFilterFoldViewController.m */; };
		833146DD16791B0E000F9654 /* PopoverView.m in Sources */ = {isa = PBXBuildFile; fileRef = 833146DB16791B0E000F9654 /* PopoverView.m */; };
		833146E1167931BA000F9654 /* wine_bottle@2x.png in Resources */ = {isa = PBXBuildFile; fileRef = 833146E0167931BA000F9654 /* wine_bottle@2x.png */; };
		8361EE291677B4B50057E04B /* main.m in Sources */ = {isa = PBXBuildFile; fileRef = 8361EE281677B4B50057E04B /* main.m */; };
		8361EE4F1677B51E0057E04B /* CH.png in Resources */ = {isa = PBXBuildFile; fileRef = 8361EE431677B51E0057E04B /* CH.png */; };
		8361EE501677B51E0057E04B /* US.png in Resources */ = {isa = PBXBuildFile; fileRef = 8361EE441677B51E0057E04B /* US.png */; };
		8361EE511677B51E0057E04B /* ES.png in Resources */ = {isa = PBXBuildFile; fileRef = 8361EE451677B51E0057E04B /* ES.png */; };
		8361EE521677B51E0057E04B /* ZAF.png in Resources */ = {isa = PBXBuildFile; fileRef = 8361EE461677B51E0057E04B /* ZAF.png */; };
		8361EE531677B51E0057E04B /* PT.png in Resources */ = {isa = PBXBuildFile; fileRef = 8361EE471677B51E0057E04B /* PT.png */; };
		8361EE541677B51E0057E04B /* NZL.png in Resources */ = {isa = PBXBuildFile; fileRef = 8361EE481677B51E0057E04B /* NZL.png */; };
		8361EE551677B51E0057E04B /* IT.png in Resources */ = {isa = PBXBuildFile; fileRef = 8361EE491677B51E0057E04B /* IT.png */; };
		8361EE561677B51E0057E04B /* GRC.png in Resources */ = {isa = PBXBuildFile; fileRef = 8361EE4A1677B51E0057E04B /* GRC.png */; };
		8361EE571677B51E0057E04B /* DE.png in Resources */ = {isa = PBXBuildFile; fileRef = 8361EE4B1677B51E0057E04B /* DE.png */; };
		8361EE581677B51E0057E04B /* FR.png in Resources */ = {isa = PBXBuildFile; fileRef = 8361EE4C1677B51E0057E04B /* FR.png */; };
		8361EE591677B51E0057E04B /* CL.png in Resources */ = {isa = PBXBuildFile; fileRef = 8361EE4D1677B51E0057E04B /* CL.png */; };
		8361EE5A1677B51E0057E04B /* AT.png in Resources */ = {isa = PBXBuildFile; fileRef = 8361EE4E1677B51E0057E04B /* AT.png */; };
		8361EE5C1677B5290057E04B /* data.json in Resources */ = {isa = PBXBuildFile; fileRef = 8361EE5B1677B5290057E04B /* data.json */; };
		8361EE621677B55B0057E04B /* Cellar.xcdatamodeld in Sources */ = {isa = PBXBuildFile; fileRef = 8361EE601677B55B0057E04B /* Cellar.xcdatamodeld */; };
		8361EE691677B5810057E04B /* globe-icon@2x.png in Resources */ = {isa = PBXBuildFile; fileRef = 8361EE631677B5810057E04B /* globe-icon@2x.png */; };
		8361EE6A1677B5810057E04B /* collections@2x.png in Resources */ = {isa = PBXBuildFile; fileRef = 8361EE641677B5810057E04B /* collections@2x.png */; };
		8361EE6B1677B5810057E04B /* food_grapes@2x.png in Resources */ = {isa = PBXBuildFile; fileRef = 8361EE651677B5810057E04B /* food_grapes@2x.png */; };
		8361EE6C1677B5810057E04B /* food_wine_bottle_glass@2x.png in Resources */ = {isa = PBXBuildFile; fileRef = 8361EE661677B5810057E04B /* food_wine_bottle_glass@2x.png */; };
		8361EE6D1677B5810057E04B /* food_wine_bottle@2x.png in Resources */ = {isa = PBXBuildFile; fileRef = 8361EE671677B5810057E04B /* food_wine_bottle@2x.png */; };
		8361EE6E1677B5810057E04B /* food_wine_glass@2x.png in Resources */ = {isa = PBXBuildFile; fileRef = 8361EE681677B5810057E04B /* food_wine_glass@2x.png */; };
		8361EE731677B5930057E04B /* food_grapes_black@2x.png in Resources */ = {isa = PBXBuildFile; fileRef = 8361EE6F1677B5930057E04B /* food_grapes_black@2x.png */; };
		8361EE741677B5930057E04B /* add-wine-button@2x.png in Resources */ = {isa = PBXBuildFile; fileRef = 8361EE701677B5930057E04B /* add-wine-button@2x.png */; };
		8361EE751677B5930057E04B /* globe@2x.png in Resources */ = {isa = PBXBuildFile; fileRef = 8361EE711677B5930057E04B /* globe@2x.png */; };
		8361EE761677B5930057E04B /* trashbin@2x.png in Resources */ = {isa = PBXBuildFile; fileRef = 8361EE721677B5930057E04B /* trashbin@2x.png */; };
		8361EE781677B5B70057E04B /* Default-568h@2x.png in Resources */ = {isa = PBXBuildFile; fileRef = 8361EE771677B5B70057E04B /* Default-568h@2x.png */; };
		83D5DD6C163EBC50001C857E /* UIKit.framework in Frameworks */ = {isa = PBXBuildFile; fileRef = 83D5DD6B163EBC50001C857E /* UIKit.framework */; };
		83D5DD6E163EBC50001C857E /* Foundation.framework in Frameworks */ = {isa = PBXBuildFile; fileRef = 83D5DD6D163EBC50001C857E /* Foundation.framework */; };
		83D5DD70163EBC50001C857E /* CoreGraphics.framework in Frameworks */ = {isa = PBXBuildFile; fileRef = 83D5DD6F163EBC50001C857E /* CoreGraphics.framework */; };
		83D5DD72163EBC50001C857E /* CoreData.framework in Frameworks */ = {isa = PBXBuildFile; fileRef = 83D5DD71163EBC50001C857E /* CoreData.framework */; };
		83E79D9E1677AA0300E0E42D /* Wine.m in Sources */ = {isa = PBXBuildFile; fileRef = 83E79D781677AA0300E0E42D /* Wine.m */; };
		83E79D9F1677AA0300E0E42D /* _Wine.m in Sources */ = {isa = PBXBuildFile; fileRef = 83E79D791677AA0300E0E42D /* _Wine.m */; };
		83E79DA01677AA0300E0E42D /* _GrapeType.m in Sources */ = {isa = PBXBuildFile; fileRef = 83E79D7B1677AA0300E0E42D /* _GrapeType.m */; };
		83E79DA11677AA0300E0E42D /* GrapeType.m in Sources */ = {isa = PBXBuildFile; fileRef = 83E79D7D1677AA0300E0E42D /* GrapeType.m */; };
		83E79DA21677AA0300E0E42D /* _Varietal.m in Sources */ = {isa = PBXBuildFile; fileRef = 83E79D7F1677AA0300E0E42D /* _Varietal.m */; };
		83E79DA31677AA0300E0E42D /* Varietal.m in Sources */ = {isa = PBXBuildFile; fileRef = 83E79D811677AA0300E0E42D /* Varietal.m */; };
		83E79DA41677AA0300E0E42D /* _Country.m in Sources */ = {isa = PBXBuildFile; fileRef = 83E79D831677AA0300E0E42D /* _Country.m */; };
		83E79DA51677AA0300E0E42D /* Country.m in Sources */ = {isa = PBXBuildFile; fileRef = 83E79D851677AA0300E0E42D /* Country.m */; };
		83E79DA61677AA0300E0E42D /* _Indication.m in Sources */ = {isa = PBXBuildFile; fileRef = 83E79D871677AA0300E0E42D /* _Indication.m */; };
		83E79DA71677AA0300E0E42D /* Indication.m in Sources */ = {isa = PBXBuildFile; fileRef = 83E79D891677AA0300E0E42D /* Indication.m */; };
		83E79DA81677AA0300E0E42D /* _Classification.m in Sources */ = {isa = PBXBuildFile; fileRef = 83E79D8B1677AA0300E0E42D /* _Classification.m */; };
		83E79DA91677AA0300E0E42D /* Classification.m in Sources */ = {isa = PBXBuildFile; fileRef = 83E79D8D1677AA0300E0E42D /* Classification.m */; };
		83E79DAA1677AA0300E0E42D /* _Region.m in Sources */ = {isa = PBXBuildFile; fileRef = 83E79D8F1677AA0300E0E42D /* _Region.m */; };
		83E79DAB1677AA0300E0E42D /* Region.m in Sources */ = {isa = PBXBuildFile; fileRef = 83E79D911677AA0300E0E42D /* Region.m */; };
		83E79DAC1677AA0300E0E42D /* _Appellation.m in Sources */ = {isa = PBXBuildFile; fileRef = 83E79D931677AA0300E0E42D /* _Appellation.m */; };
		83E79DAD1677AA0300E0E42D /* _Location.m in Sources */ = {isa = PBXBuildFile; fileRef = 83E79D951677AA0300E0E42D /* _Location.m */; };
		83E79DAE1677AA0300E0E42D /* _Winery.m in Sources */ = {isa = PBXBuildFile; fileRef = 83E79D971677AA0300E0E42D /* _Winery.m */; };
		83E79DAF1677AA0300E0E42D /* Appellation.m in Sources */ = {isa = PBXBuildFile; fileRef = 83E79D991677AA0300E0E42D /* Appellation.m */; };
		83E79DB01677AA0300E0E42D /* Location.m in Sources */ = {isa = PBXBuildFile; fileRef = 83E79D9B1677AA0300E0E42D /* Location.m */; };
		83E79DB11677AA0300E0E42D /* Winery.m in Sources */ = {isa = PBXBuildFile; fileRef = 83E79D9D1677AA0300E0E42D /* Winery.m */; };
		83E79DBC1677AA1400E0E42D /* UIImage+ProportionalFill.m in Sources */ = {isa = PBXBuildFile; fileRef = 83E79DB21677AA1400E0E42D /* UIImage+ProportionalFill.m */; };
		83E79DBD1677AA1400E0E42D /* UIImage+Tint.m in Sources */ = {isa = PBXBuildFile; fileRef = 83E79DB51677AA1400E0E42D /* UIImage+Tint.m */; };
		83E79DBE1677AA1400E0E42D /* UIView+ObjectTagAdditions.m in Sources */ = {isa = PBXBuildFile; fileRef = 83E79DB61677AA1400E0E42D /* UIView+ObjectTagAdditions.m */; };
		83E79DBF1677AA1400E0E42D /* UIImage+Scale.m in Sources */ = {isa = PBXBuildFile; fileRef = 83E79DB81677AA1400E0E42D /* UIImage+Scale.m */; };
		83E79DC01677AA1400E0E42D /* UIColor+CellarColours.m in Sources */ = {isa = PBXBuildFile; fileRef = 83E79DBA1677AA1400E0E42D /* UIColor+CellarColours.m */; };
		83E79DC91677AA2600E0E42D /* WineCell.m in Sources */ = {isa = PBXBuildFile; fileRef = 83E79DC11677AA2600E0E42D /* WineCell.m */; };
		83E79DCA1677AA2600E0E42D /* SettingsCell.m in Sources */ = {isa = PBXBuildFile; fileRef = 83E79DC31677AA2600E0E42D /* SettingsCell.m */; };
		83E79DCB1677AA2600E0E42D /* CellarTableViewCell.m in Sources */ = {isa = PBXBuildFile; fileRef = 83E79DC51677AA2600E0E42D /* CellarTableViewCell.m */; };
		83E79DCC1677AA2600E0E42D /* ColourCell.m in Sources */ = {isa = PBXBuildFile; fileRef = 83E79DC71677AA2600E0E42D /* ColourCell.m */; };
		83E79DD11677AA4000E0E42D /* AddWineViewController.m in Sources */ = {isa = PBXBuildFile; fileRef = 83E79DCD1677AA4000E0E42D /* AddWineViewController.m */; };
		83E79DD21677AA4000E0E42D /* WineDetailViewController.m in Sources */ = {isa = PBXBuildFile; fileRef = 83E79DCE1677AA4000E0E42D /* WineDetailViewController.m */; };
		83E79DE11677AA5100E0E42D /* WineTableViewController.m in Sources */ = {isa = PBXBuildFile; fileRef = 83E79DD31677AA5100E0E42D /* WineTableViewController.m */; };
		83E79DE21677AA5100E0E42D /* AbstractTableViewController.m in Sources */ = {isa = PBXBuildFile; fileRef = 83E79DD51677AA5100E0E42D /* AbstractTableViewController.m */; };
		83E79DE31677AA5100E0E42D /* VarietalTableViewController.m in Sources */ = {isa = PBXBuildFile; fileRef = 83E79DD61677AA5100E0E42D /* VarietalTableViewController.m */; };
		83E79DE41677AA5100E0E42D /* ColourTableViewController.m in Sources */ = {isa = PBXBuildFile; fileRef = 83E79DD71677AA5100E0E42D /* ColourTableViewController.m */; };
		83E79DE51677AA5100E0E42D /* AppellationTableViewController.m in Sources */ = {isa = PBXBuildFile; fileRef = 83E79DD91677AA5100E0E42D /* AppellationTableViewController.m */; };
		83E79DE61677AA5100E0E42D /* RegionTableViewController.m in Sources */ = {isa = PBXBuildFile; fileRef = 83E79DDA1677AA5100E0E42D /* RegionTableViewController.m */; };
		83E79DE71677AA5100E0E42D /* CountryTableViewController.m in Sources */ = {isa = PBXBuildFile; fileRef = 83E79DDB1677AA5100E0E42D /* CountryTableViewController.m */; };
		83E79DEA1677AA6900E0E42D /* RaisedTabBarController.m in Sources */ = {isa = PBXBuildFile; fileRef = 83E79DE81677AA6900E0E42D /* RaisedTabBarController.m */; };
		83E79DED1677AA8100E0E42D /* InitialDataImportService.m in Sources */ = {isa = PBXBuildFile; fileRef = 83E79DEB1677AA8100E0E42D /* InitialDataImportService.m */; };
		83E79DF01677AA9C00E0E42D /* AppDelegate.m in Sources */ = {isa = PBXBuildFile; fileRef = 83E79DEE1677AA9C00E0E42D /* AppDelegate.m */; };
		83EF99E5165AA92700C56F40 /* QuartzCore.framework in Frameworks */ = {isa = PBXBuildFile; fileRef = 83EF99E4165AA92700C56F40 /* QuartzCore.framework */; };
/* End PBXBuildFile section */

/* Begin PBXContainerItemProxy section */
		8319AFD71677C09F005E28BB /* PBXContainerItemProxy */ = {
			isa = PBXContainerItemProxy;
			containerPortal = 8319AFD11677C09F005E28BB /* SSToolkit.xcodeproj */;
			proxyType = 2;
			remoteGlobalIDString = D2AAC07E0554694100DB518D;
			remoteInfo = SSToolkit;
		};
		8319AFD91677C09F005E28BB /* PBXContainerItemProxy */ = {
			isa = PBXContainerItemProxy;
			containerPortal = 8319AFD11677C09F005E28BB /* SSToolkit.xcodeproj */;
			proxyType = 2;
			remoteGlobalIDString = B239101D1357DC3E00ADE21B;
			remoteInfo = SSToolkitTests;
		};
		8319AFDB1677C09F005E28BB /* PBXContainerItemProxy */ = {
			isa = PBXContainerItemProxy;
			containerPortal = 8319AFD11677C09F005E28BB /* SSToolkit.xcodeproj */;
			proxyType = 2;
			remoteGlobalIDString = B2C507EA151BA64400E94614;
			remoteInfo = SSToolkitResources;
		};
		8319AFDD1677C0CE005E28BB /* PBXContainerItemProxy */ = {
			isa = PBXContainerItemProxy;
			containerPortal = 8319AFD11677C09F005E28BB /* SSToolkit.xcodeproj */;
			proxyType = 1;
			remoteGlobalIDString = D2AAC07D0554694100DB518D;
			remoteInfo = SSToolkit;
		};
		8319AFDF1677C0CE005E28BB /* PBXContainerItemProxy */ = {
			isa = PBXContainerItemProxy;
			containerPortal = 8319AFD11677C09F005E28BB /* SSToolkit.xcodeproj */;
			proxyType = 1;
			remoteGlobalIDString = B2C507E9151BA64400E94614;
			remoteInfo = SSToolkitResources;
		};
/* End PBXContainerItemProxy section */

/* Begin PBXFileReference section */
		8319AF7E1677BFF8005E28BB /* MagicalImportFunctions.h */ = {isa = PBXFileReference; fileEncoding = 4; lastKnownFileType = sourcecode.c.h; path = MagicalImportFunctions.h; sourceTree = "<group>"; };
		8319AF7F1677BFF8005E28BB /* MagicalImportFunctions.m */ = {isa = PBXFileReference; fileEncoding = 4; lastKnownFileType = sourcecode.c.objc; path = MagicalImportFunctions.m; sourceTree = "<group>"; };
		8319AF801677BFF8005E28BB /* NSAttributeDescription+MagicalDataImport.h */ = {isa = PBXFileReference; fileEncoding = 4; lastKnownFileType = sourcecode.c.h; path = "NSAttributeDescription+MagicalDataImport.h"; sourceTree = "<group>"; };
		8319AF811677BFF8005E28BB /* NSAttributeDescription+MagicalDataImport.m */ = {isa = PBXFileReference; fileEncoding = 4; lastKnownFileType = sourcecode.c.objc; path = "NSAttributeDescription+MagicalDataImport.m"; sourceTree = "<group>"; };
		8319AF821677BFF8005E28BB /* NSEntityDescription+MagicalDataImport.h */ = {isa = PBXFileReference; fileEncoding = 4; lastKnownFileType = sourcecode.c.h; path = "NSEntityDescription+MagicalDataImport.h"; sourceTree = "<group>"; };
		8319AF831677BFF8005E28BB /* NSEntityDescription+MagicalDataImport.m */ = {isa = PBXFileReference; fileEncoding = 4; lastKnownFileType = sourcecode.c.objc; path = "NSEntityDescription+MagicalDataImport.m"; sourceTree = "<group>"; };
		8319AF841677BFF8005E28BB /* NSNumber+MagicalDataImport.h */ = {isa = PBXFileReference; fileEncoding = 4; lastKnownFileType = sourcecode.c.h; path = "NSNumber+MagicalDataImport.h"; sourceTree = "<group>"; };
		8319AF851677BFF8005E28BB /* NSNumber+MagicalDataImport.m */ = {isa = PBXFileReference; fileEncoding = 4; lastKnownFileType = sourcecode.c.objc; path = "NSNumber+MagicalDataImport.m"; sourceTree = "<group>"; };
		8319AF861677BFF8005E28BB /* NSObject+MagicalDataImport.h */ = {isa = PBXFileReference; fileEncoding = 4; lastKnownFileType = sourcecode.c.h; path = "NSObject+MagicalDataImport.h"; sourceTree = "<group>"; };
		8319AF871677BFF8005E28BB /* NSObject+MagicalDataImport.m */ = {isa = PBXFileReference; fileEncoding = 4; lastKnownFileType = sourcecode.c.objc; path = "NSObject+MagicalDataImport.m"; sourceTree = "<group>"; };
		8319AF881677BFF8005E28BB /* NSRelationshipDescription+MagicalDataImport.h */ = {isa = PBXFileReference; fileEncoding = 4; lastKnownFileType = sourcecode.c.h; path = "NSRelationshipDescription+MagicalDataImport.h"; sourceTree = "<group>"; };
		8319AF891677BFF8005E28BB /* NSRelationshipDescription+MagicalDataImport.m */ = {isa = PBXFileReference; fileEncoding = 4; lastKnownFileType = sourcecode.c.objc; path = "NSRelationshipDescription+MagicalDataImport.m"; sourceTree = "<group>"; };
		8319AF8A1677BFF8005E28BB /* NSString+MagicalDataImport.h */ = {isa = PBXFileReference; fileEncoding = 4; lastKnownFileType = sourcecode.c.h; path = "NSString+MagicalDataImport.h"; sourceTree = "<group>"; };
		8319AF8B1677BFF8005E28BB /* NSString+MagicalDataImport.m */ = {isa = PBXFileReference; fileEncoding = 4; lastKnownFileType = sourcecode.c.objc; path = "NSString+MagicalDataImport.m"; sourceTree = "<group>"; };
		8319AF8D1677BFF8005E28BB /* NSManagedObject+MagicalAggregation.h */ = {isa = PBXFileReference; fileEncoding = 4; lastKnownFileType = sourcecode.c.h; path = "NSManagedObject+MagicalAggregation.h"; sourceTree = "<group>"; };
		8319AF8E1677BFF8005E28BB /* NSManagedObject+MagicalAggregation.m */ = {isa = PBXFileReference; fileEncoding = 4; lastKnownFileType = sourcecode.c.objc; path = "NSManagedObject+MagicalAggregation.m"; sourceTree = "<group>"; };
		8319AF8F1677BFF8005E28BB /* NSManagedObject+MagicalDataImport.h */ = {isa = PBXFileReference; fileEncoding = 4; lastKnownFileType = sourcecode.c.h; path = "NSManagedObject+MagicalDataImport.h"; sourceTree = "<group>"; };
		8319AF901677BFF8005E28BB /* NSManagedObject+MagicalDataImport.m */ = {isa = PBXFileReference; fileEncoding = 4; lastKnownFileType = sourcecode.c.objc; path = "NSManagedObject+MagicalDataImport.m"; sourceTree = "<group>"; };
		8319AF911677BFF8005E28BB /* NSManagedObject+MagicalFinders.h */ = {isa = PBXFileReference; fileEncoding = 4; lastKnownFileType = sourcecode.c.h; path = "NSManagedObject+MagicalFinders.h"; sourceTree = "<group>"; };
		8319AF921677BFF8005E28BB /* NSManagedObject+MagicalFinders.m */ = {isa = PBXFileReference; fileEncoding = 4; lastKnownFileType = sourcecode.c.objc; path = "NSManagedObject+MagicalFinders.m"; sourceTree = "<group>"; };
		8319AF931677BFF8005E28BB /* NSManagedObject+MagicalRecord.h */ = {isa = PBXFileReference; fileEncoding = 4; lastKnownFileType = sourcecode.c.h; path = "NSManagedObject+MagicalRecord.h"; sourceTree = "<group>"; };
		8319AF941677BFF8005E28BB /* NSManagedObject+MagicalRecord.m */ = {isa = PBXFileReference; fileEncoding = 4; lastKnownFileType = sourcecode.c.objc; path = "NSManagedObject+MagicalRecord.m"; sourceTree = "<group>"; };
		8319AF951677BFF8005E28BB /* NSManagedObject+MagicalRequests.h */ = {isa = PBXFileReference; fileEncoding = 4; lastKnownFileType = sourcecode.c.h; path = "NSManagedObject+MagicalRequests.h"; sourceTree = "<group>"; };
		8319AF961677BFF8005E28BB /* NSManagedObject+MagicalRequests.m */ = {isa = PBXFileReference; fileEncoding = 4; lastKnownFileType = sourcecode.c.objc; path = "NSManagedObject+MagicalRequests.m"; sourceTree = "<group>"; };
		8319AF981677BFF8005E28BB /* NSManagedObjectContext+MagicalObserving.h */ = {isa = PBXFileReference; fileEncoding = 4; lastKnownFileType = sourcecode.c.h; path = "NSManagedObjectContext+MagicalObserving.h"; sourceTree = "<group>"; };
		8319AF991677BFF8005E28BB /* NSManagedObjectContext+MagicalObserving.m */ = {isa = PBXFileReference; fileEncoding = 4; lastKnownFileType = sourcecode.c.objc; path = "NSManagedObjectContext+MagicalObserving.m"; sourceTree = "<group>"; };
		8319AF9A1677BFF8005E28BB /* NSManagedObjectContext+MagicalRecord.h */ = {isa = PBXFileReference; fileEncoding = 4; lastKnownFileType = sourcecode.c.h; path = "NSManagedObjectContext+MagicalRecord.h"; sourceTree = "<group>"; };
		8319AF9B1677BFF8005E28BB /* NSManagedObjectContext+MagicalRecord.m */ = {isa = PBXFileReference; fileEncoding = 4; lastKnownFileType = sourcecode.c.objc; path = "NSManagedObjectContext+MagicalRecord.m"; sourceTree = "<group>"; };
		8319AF9C1677BFF8005E28BB /* NSManagedObjectContext+MagicalSaves.h */ = {isa = PBXFileReference; fileEncoding = 4; lastKnownFileType = sourcecode.c.h; path = "NSManagedObjectContext+MagicalSaves.h"; sourceTree = "<group>"; };
		8319AF9D1677BFF8005E28BB /* NSManagedObjectContext+MagicalSaves.m */ = {isa = PBXFileReference; fileEncoding = 4; lastKnownFileType = sourcecode.c.objc; path = "NSManagedObjectContext+MagicalSaves.m"; sourceTree = "<group>"; };
		8319AF9E1677BFF8005E28BB /* NSManagedObjectContext+MagicalThreading.h */ = {isa = PBXFileReference; fileEncoding = 4; lastKnownFileType = sourcecode.c.h; path = "NSManagedObjectContext+MagicalThreading.h"; sourceTree = "<group>"; };
		8319AF9F1677BFF8005E28BB /* NSManagedObjectContext+MagicalThreading.m */ = {isa = PBXFileReference; fileEncoding = 4; lastKnownFileType = sourcecode.c.objc; path = "NSManagedObjectContext+MagicalThreading.m"; sourceTree = "<group>"; };
		8319AFA01677BFF8005E28BB /* NSManagedObjectModel+MagicalRecord.h */ = {isa = PBXFileReference; fileEncoding = 4; lastKnownFileType = sourcecode.c.h; path = "NSManagedObjectModel+MagicalRecord.h"; sourceTree = "<group>"; };
		8319AFA11677BFF8005E28BB /* NSManagedObjectModel+MagicalRecord.m */ = {isa = PBXFileReference; fileEncoding = 4; lastKnownFileType = sourcecode.c.objc; path = "NSManagedObjectModel+MagicalRecord.m"; sourceTree = "<group>"; };
		8319AFA21677BFF8005E28BB /* NSPersistentStore+MagicalRecord.h */ = {isa = PBXFileReference; fileEncoding = 4; lastKnownFileType = sourcecode.c.h; path = "NSPersistentStore+MagicalRecord.h"; sourceTree = "<group>"; };
		8319AFA31677BFF8005E28BB /* NSPersistentStore+MagicalRecord.m */ = {isa = PBXFileReference; fileEncoding = 4; lastKnownFileType = sourcecode.c.objc; path = "NSPersistentStore+MagicalRecord.m"; sourceTree = "<group>"; };
		8319AFA41677BFF8005E28BB /* NSPersistentStoreCoordinator+MagicalRecord.h */ = {isa = PBXFileReference; fileEncoding = 4; lastKnownFileType = sourcecode.c.h; path = "NSPersistentStoreCoordinator+MagicalRecord.h"; sourceTree = "<group>"; };
		8319AFA51677BFF8005E28BB /* NSPersistentStoreCoordinator+MagicalRecord.m */ = {isa = PBXFileReference; fileEncoding = 4; lastKnownFileType = sourcecode.c.objc; path = "NSPersistentStoreCoordinator+MagicalRecord.m"; sourceTree = "<group>"; };
		8319AFA71677BFF8005E28BB /* MagicalRecord+Actions.h */ = {isa = PBXFileReference; fileEncoding = 4; lastKnownFileType = sourcecode.c.h; path = "MagicalRecord+Actions.h"; sourceTree = "<group>"; };
		8319AFA81677BFF8005E28BB /* MagicalRecord+Actions.m */ = {isa = PBXFileReference; fileEncoding = 4; lastKnownFileType = sourcecode.c.objc; path = "MagicalRecord+Actions.m"; sourceTree = "<group>"; };
		8319AFA91677BFF8005E28BB /* MagicalRecord+ErrorHandling.h */ = {isa = PBXFileReference; fileEncoding = 4; lastKnownFileType = sourcecode.c.h; path = "MagicalRecord+ErrorHandling.h"; sourceTree = "<group>"; };
		8319AFAA1677BFF8005E28BB /* MagicalRecord+ErrorHandling.m */ = {isa = PBXFileReference; fileEncoding = 4; lastKnownFileType = sourcecode.c.objc; path = "MagicalRecord+ErrorHandling.m"; sourceTree = "<group>"; };
		8319AFAB1677BFF8005E28BB /* MagicalRecord+iCloud.h */ = {isa = PBXFileReference; fileEncoding = 4; lastKnownFileType = sourcecode.c.h; path = "MagicalRecord+iCloud.h"; sourceTree = "<group>"; };
		8319AFAC1677BFF8005E28BB /* MagicalRecord+iCloud.m */ = {isa = PBXFileReference; fileEncoding = 4; lastKnownFileType = sourcecode.c.objc; path = "MagicalRecord+iCloud.m"; sourceTree = "<group>"; };
		8319AFAD1677BFF8005E28BB /* MagicalRecord+Options.h */ = {isa = PBXFileReference; fileEncoding = 4; lastKnownFileType = sourcecode.c.h; path = "MagicalRecord+Options.h"; sourceTree = "<group>"; };
		8319AFAE1677BFF8005E28BB /* MagicalRecord+Options.m */ = {isa = PBXFileReference; fileEncoding = 4; lastKnownFileType = sourcecode.c.objc; path = "MagicalRecord+Options.m"; sourceTree = "<group>"; };
		8319AFAF1677BFF8005E28BB /* MagicalRecord+Setup.h */ = {isa = PBXFileReference; fileEncoding = 4; lastKnownFileType = sourcecode.c.h; path = "MagicalRecord+Setup.h"; sourceTree = "<group>"; };
		8319AFB01677BFF8005E28BB /* MagicalRecord+Setup.m */ = {isa = PBXFileReference; fileEncoding = 4; lastKnownFileType = sourcecode.c.objc; path = "MagicalRecord+Setup.m"; sourceTree = "<group>"; };
		8319AFB11677BFF8005E28BB /* MagicalRecord+ShorthandSupport.h */ = {isa = PBXFileReference; fileEncoding = 4; lastKnownFileType = sourcecode.c.h; path = "MagicalRecord+ShorthandSupport.h"; sourceTree = "<group>"; };
		8319AFB21677BFF8005E28BB /* MagicalRecord+ShorthandSupport.m */ = {isa = PBXFileReference; fileEncoding = 4; lastKnownFileType = sourcecode.c.objc; path = "MagicalRecord+ShorthandSupport.m"; sourceTree = "<group>"; };
		8319AFB31677BFF8005E28BB /* MagicalRecord.h */ = {isa = PBXFileReference; fileEncoding = 4; lastKnownFileType = sourcecode.c.h; path = MagicalRecord.h; sourceTree = "<group>"; };
		8319AFB41677BFF8005E28BB /* MagicalRecord.m */ = {isa = PBXFileReference; fileEncoding = 4; lastKnownFileType = sourcecode.c.objc; path = MagicalRecord.m; sourceTree = "<group>"; };
		8319AFB51677BFF8005E28BB /* MagicalRecordShorthand.h */ = {isa = PBXFileReference; fileEncoding = 4; lastKnownFileType = sourcecode.c.h; path = MagicalRecordShorthand.h; sourceTree = "<group>"; };
		8319AFB61677BFF8005E28BB /* CoreData+MagicalRecord.h */ = {isa = PBXFileReference; fileEncoding = 4; lastKnownFileType = sourcecode.c.h; path = "CoreData+MagicalRecord.h"; sourceTree = "<group>"; };
		8319AFD11677C09F005E28BB /* SSToolkit.xcodeproj */ = {isa = PBXFileReference; lastKnownFileType = "wrapper.pb-project"; name = SSToolkit.xcodeproj; path = "Frameworks/SS-Toolkit/SSToolkit.xcodeproj"; sourceTree = "<group>"; };
		8319AFE61677C295005E28BB /* FacingView.h */ = {isa = PBXFileReference; fileEncoding = 4; lastKnownFileType = sourcecode.c.h; path = FacingView.h; sourceTree = "<group>"; };
		8319AFE71677C295005E28BB /* FacingView.m */ = {isa = PBXFileReference; fileEncoding = 4; lastKnownFileType = sourcecode.c.objc; path = FacingView.m; sourceTree = "<group>"; };
		8319AFE81677C295005E28BB /* FoldView.h */ = {isa = PBXFileReference; fileEncoding = 4; lastKnownFileType = sourcecode.c.h; path = FoldView.h; sourceTree = "<group>"; };
		8319AFE91677C295005E28BB /* FoldView.m */ = {isa = PBXFileReference; fileEncoding = 4; lastKnownFileType = sourcecode.c.objc; path = FoldView.m; sourceTree = "<group>"; };
		8319AFEA1677C295005E28BB /* MultiFoldView.h */ = {isa = PBXFileReference; fileEncoding = 4; lastKnownFileType = sourcecode.c.h; path = MultiFoldView.h; sourceTree = "<group>"; };
		8319AFEB1677C295005E28BB /* MultiFoldView.m */ = {isa = PBXFileReference; fileEncoding = 4; lastKnownFileType = sourcecode.c.objc; path = MultiFoldView.m; sourceTree = "<group>"; };
		8319AFEC1677C295005E28BB /* PaperFoldConstants.h */ = {isa = PBXFileReference; fileEncoding = 4; lastKnownFileType = sourcecode.c.h; path = PaperFoldConstants.h; sourceTree = "<group>"; };
		8319AFED1677C295005E28BB /* PaperFoldNavigationController.h */ = {isa = PBXFileReference; fileEncoding = 4; lastKnownFileType = sourcecode.c.h; path = PaperFoldNavigationController.h; sourceTree = "<group>"; };
		8319AFEE1677C295005E28BB /* PaperFoldNavigationController.m */ = {isa = PBXFileReference; fileEncoding = 4; lastKnownFileType = sourcecode.c.objc; path = PaperFoldNavigationController.m; sourceTree = "<group>"; };
		8319AFEF1677C295005E28BB /* PaperFoldResources.bundle */ = {isa = PBXFileReference; lastKnownFileType = "wrapper.plug-in"; path = PaperFoldResources.bundle; sourceTree = "<group>"; };
		8319AFF01677C295005E28BB /* PaperFoldSwipeHintView.h */ = {isa = PBXFileReference; fileEncoding = 4; lastKnownFileType = sourcecode.c.h; path = PaperFoldSwipeHintView.h; sourceTree = "<group>"; };
		8319AFF11677C295005E28BB /* PaperFoldSwipeHintView.m */ = {isa = PBXFileReference; fileEncoding = 4; lastKnownFileType = sourcecode.c.objc; path = PaperFoldSwipeHintView.m; sourceTree = "<group>"; };
		8319AFF21677C295005E28BB /* PaperFoldView.h */ = {isa = PBXFileReference; fileEncoding = 4; lastKnownFileType = sourcecode.c.h; path = PaperFoldView.h; sourceTree = "<group>"; };
		8319AFF31677C295005E28BB /* PaperFoldView.m */ = {isa = PBXFileReference; fileEncoding = 4; lastKnownFileType = sourcecode.c.objc; path = PaperFoldView.m; sourceTree = "<group>"; };
		8319AFF51677C295005E28BB /* swipe_guide.psd */ = {isa = PBXFileReference; lastKnownFileType = file; path = swipe_guide.psd; sourceTree = "<group>"; };
		8319AFF61677C295005E28BB /* swipe_guide2.psd */ = {isa = PBXFileReference; lastKnownFileType = file; path = swipe_guide2.psd; sourceTree = "<group>"; };
		8319AFF71677C295005E28BB /* ShadowView.h */ = {isa = PBXFileReference; fileEncoding = 4; lastKnownFileType = sourcecode.c.h; path = ShadowView.h; sourceTree = "<group>"; };
		8319AFF81677C295005E28BB /* ShadowView.m */ = {isa = PBXFileReference; fileEncoding = 4; lastKnownFileType = sourcecode.c.objc; path = ShadowView.m; sourceTree = "<group>"; };
		8319AFF91677C295005E28BB /* TouchThroughUIView.h */ = {isa = PBXFileReference; fileEncoding = 4; lastKnownFileType = sourcecode.c.h; path = TouchThroughUIView.h; sourceTree = "<group>"; };
		8319AFFA1677C295005E28BB /* TouchThroughUIView.m */ = {isa = PBXFileReference; fileEncoding = 4; lastKnownFileType = sourcecode.c.objc; path = TouchThroughUIView.m; sourceTree = "<group>"; };
		8319AFFB1677C295005E28BB /* UIView+Screenshot.h */ = {isa = PBXFileReference; fileEncoding = 4; lastKnownFileType = sourcecode.c.h; path = "UIView+Screenshot.h"; sourceTree = "<group>"; };
		8319AFFC1677C295005E28BB /* UIView+Screenshot.m */ = {isa = PBXFileReference; fileEncoding = 4; lastKnownFileType = sourcecode.c.objc; path = "UIView+Screenshot.m"; sourceTree = "<group>"; };
		8319B0091677C6E0005E28BB /* MapKit.framework */ = {isa = PBXFileReference; lastKnownFileType = wrapper.framework; name = MapKit.framework; path = System/Library/Frameworks/MapKit.framework; sourceTree = SDKROOT; };
		833146D31678D2E5000F9654 /* WineFilterFoldViewController.h */ = {isa = PBXFileReference; fileEncoding = 4; lastKnownFileType = sourcecode.c.h; name = WineFilterFoldViewController.h; path = Controllers/WineFilterFoldViewController.h; sourceTree = SOURCE_ROOT; };
		833146D41678D2E5000F9654 /* WineFilterFoldViewController.m */ = {isa = PBXFileReference; fileEncoding = 4; lastKnownFileType = sourcecode.c.objc; name = WineFilterFoldViewController.m; path = Controllers/WineFilterFoldViewController.m; sourceTree = SOURCE_ROOT; };
		833146DA16791B0E000F9654 /* PopoverView.h */ = {isa = PBXFileReference; fileEncoding = 4; lastKnownFileType = sourcecode.c.h; path = PopoverView.h; sourceTree = "<group>"; };
		833146DB16791B0E000F9654 /* PopoverView.m */ = {isa = PBXFileReference; fileEncoding = 4; lastKnownFileType = sourcecode.c.objc; path = PopoverView.m; sourceTree = "<group>"; };
		833146E0167931BA000F9654 /* wine_bottle@2x.png */ = {isa = PBXFileReference; lastKnownFileType = image.png; name = "wine_bottle@2x.png"; path = "Resources/Images/Icons/wine_bottle@2x.png"; sourceTree = SOURCE_ROOT; };
		833591E4164B145E00FEA5C9 /* Default.png */ = {isa = PBXFileReference; lastKnownFileType = image.png; path = Default.png; sourceTree = "<group>"; };
		833591E5164B145E00FEA5C9 /* Default@2x.png */ = {isa = PBXFileReference; lastKnownFileType = image.png; path = "Default@2x.png"; sourceTree = "<group>"; };
		8361EE281677B4B50057E04B /* main.m */ = {isa = PBXFileReference; fileEncoding = 4; lastKnownFileType = sourcecode.c.objc; path = main.m; sourceTree = SOURCE_ROOT; };
		8361EE431677B51E0057E04B /* CH.png */ = {isa = PBXFileReference; lastKnownFileType = image.png; name = CH.png; path = Resources/Flags/CH.png; sourceTree = SOURCE_ROOT; };
		8361EE441677B51E0057E04B /* US.png */ = {isa = PBXFileReference; lastKnownFileType = image.png; name = US.png; path = Resources/Flags/US.png; sourceTree = SOURCE_ROOT; };
		8361EE451677B51E0057E04B /* ES.png */ = {isa = PBXFileReference; lastKnownFileType = image.png; name = ES.png; path = Resources/Flags/ES.png; sourceTree = SOURCE_ROOT; };
		8361EE461677B51E0057E04B /* ZAF.png */ = {isa = PBXFileReference; lastKnownFileType = image.png; name = ZAF.png; path = Resources/Flags/ZAF.png; sourceTree = SOURCE_ROOT; };
		8361EE471677B51E0057E04B /* PT.png */ = {isa = PBXFileReference; lastKnownFileType = image.png; name = PT.png; path = Resources/Flags/PT.png; sourceTree = SOURCE_ROOT; };
		8361EE481677B51E0057E04B /* NZL.png */ = {isa = PBXFileReference; lastKnownFileType = image.png; name = NZL.png; path = Resources/Flags/NZL.png; sourceTree = SOURCE_ROOT; };
		8361EE491677B51E0057E04B /* IT.png */ = {isa = PBXFileReference; lastKnownFileType = image.png; name = IT.png; path = Resources/Flags/IT.png; sourceTree = SOURCE_ROOT; };
		8361EE4A1677B51E0057E04B /* GRC.png */ = {isa = PBXFileReference; lastKnownFileType = image.png; name = GRC.png; path = Resources/Flags/GRC.png; sourceTree = SOURCE_ROOT; };
		8361EE4B1677B51E0057E04B /* DE.png */ = {isa = PBXFileReference; lastKnownFileType = image.png; name = DE.png; path = Resources/Flags/DE.png; sourceTree = SOURCE_ROOT; };
		8361EE4C1677B51E0057E04B /* FR.png */ = {isa = PBXFileReference; lastKnownFileType = image.png; name = FR.png; path = Resources/Flags/FR.png; sourceTree = SOURCE_ROOT; };
		8361EE4D1677B51E0057E04B /* CL.png */ = {isa = PBXFileReference; lastKnownFileType = image.png; name = CL.png; path = Resources/Flags/CL.png; sourceTree = SOURCE_ROOT; };
		8361EE4E1677B51E0057E04B /* AT.png */ = {isa = PBXFileReference; lastKnownFileType = image.png; name = AT.png; path = Resources/Flags/AT.png; sourceTree = SOURCE_ROOT; };
		8361EE5B1677B5290057E04B /* data.json */ = {isa = PBXFileReference; fileEncoding = 4; lastKnownFileType = text.json; name = data.json; path = Resources/Data/data.json; sourceTree = SOURCE_ROOT; };
		8361EE5D1677B54D0057E04B /* Cellar-Info.plist */ = {isa = PBXFileReference; fileEncoding = 4; lastKnownFileType = text.plist.xml; path = "Cellar-Info.plist"; sourceTree = SOURCE_ROOT; };
		8361EE5E1677B54D0057E04B /* Cellar-Prefix.pch */ = {isa = PBXFileReference; fileEncoding = 4; lastKnownFileType = sourcecode.c.h; path = "Cellar-Prefix.pch"; sourceTree = SOURCE_ROOT; };
		8361EE611677B55B0057E04B /* Cellar.xcdatamodel */ = {isa = PBXFileReference; lastKnownFileType = wrapper.xcdatamodel; path = Cellar.xcdatamodel; sourceTree = "<group>"; };
		8361EE631677B5810057E04B /* globe-icon@2x.png */ = {isa = PBXFileReference; lastKnownFileType = image.png; name = "globe-icon@2x.png"; path = "Resources/Images/Icons/globe-icon@2x.png"; sourceTree = SOURCE_ROOT; };
		8361EE641677B5810057E04B /* collections@2x.png */ = {isa = PBXFileReference; lastKnownFileType = image.png; name = "collections@2x.png"; path = "Resources/Images/Icons/collections@2x.png"; sourceTree = SOURCE_ROOT; };
		8361EE651677B5810057E04B /* food_grapes@2x.png */ = {isa = PBXFileReference; lastKnownFileType = image.png; name = "food_grapes@2x.png"; path = "Resources/Images/Icons/food_grapes@2x.png"; sourceTree = SOURCE_ROOT; };
		8361EE661677B5810057E04B /* food_wine_bottle_glass@2x.png */ = {isa = PBXFileReference; lastKnownFileType = image.png; name = "food_wine_bottle_glass@2x.png"; path = "Resources/Images/Icons/food_wine_bottle_glass@2x.png"; sourceTree = SOURCE_ROOT; };
		8361EE671677B5810057E04B /* food_wine_bottle@2x.png */ = {isa = PBXFileReference; lastKnownFileType = image.png; name = "food_wine_bottle@2x.png"; path = "Resources/Images/Icons/food_wine_bottle@2x.png"; sourceTree = SOURCE_ROOT; };
		8361EE681677B5810057E04B /* food_wine_glass@2x.png */ = {isa = PBXFileReference; lastKnownFileType = image.png; name = "food_wine_glass@2x.png"; path = "Resources/Images/Icons/food_wine_glass@2x.png"; sourceTree = SOURCE_ROOT; };
		8361EE6F1677B5930057E04B /* food_grapes_black@2x.png */ = {isa = PBXFileReference; lastKnownFileType = image.png; name = "food_grapes_black@2x.png"; path = "Resources/Images/food_grapes_black@2x.png"; sourceTree = SOURCE_ROOT; };
		8361EE701677B5930057E04B /* add-wine-button@2x.png */ = {isa = PBXFileReference; lastKnownFileType = image.png; name = "add-wine-button@2x.png"; path = "Resources/Images/add-wine-button@2x.png"; sourceTree = SOURCE_ROOT; };
		8361EE711677B5930057E04B /* globe@2x.png */ = {isa = PBXFileReference; lastKnownFileType = image.png; name = "globe@2x.png"; path = "Resources/Images/globe@2x.png"; sourceTree = SOURCE_ROOT; };
		8361EE721677B5930057E04B /* trashbin@2x.png */ = {isa = PBXFileReference; lastKnownFileType = image.png; name = "trashbin@2x.png"; path = "Resources/Images/trashbin@2x.png"; sourceTree = SOURCE_ROOT; };
		8361EE771677B5B70057E04B /* Default-568h@2x.png */ = {isa = PBXFileReference; lastKnownFileType = image.png; name = "Default-568h@2x.png"; path = "Resources/Default-568h@2x.png"; sourceTree = SOURCE_ROOT; };
		83D5DD67163EBC50001C857E /* Cellar.app */ = {isa = PBXFileReference; explicitFileType = wrapper.application; includeInIndex = 0; path = Cellar.app; sourceTree = BUILT_PRODUCTS_DIR; };
		83D5DD6B163EBC50001C857E /* UIKit.framework */ = {isa = PBXFileReference; lastKnownFileType = wrapper.framework; name = UIKit.framework; path = System/Library/Frameworks/UIKit.framework; sourceTree = SDKROOT; };
		83D5DD6D163EBC50001C857E /* Foundation.framework */ = {isa = PBXFileReference; lastKnownFileType = wrapper.framework; name = Foundation.framework; path = System/Library/Frameworks/Foundation.framework; sourceTree = SDKROOT; };
		83D5DD6F163EBC50001C857E /* CoreGraphics.framework */ = {isa = PBXFileReference; lastKnownFileType = wrapper.framework; name = CoreGraphics.framework; path = System/Library/Frameworks/CoreGraphics.framework; sourceTree = SDKROOT; };
		83D5DD71163EBC50001C857E /* CoreData.framework */ = {isa = PBXFileReference; lastKnownFileType = wrapper.framework; name = CoreData.framework; path = System/Library/Frameworks/CoreData.framework; sourceTree = SDKROOT; };
		83E79D761677AA0300E0E42D /* _Wine.h */ = {isa = PBXFileReference; fileEncoding = 4; lastKnownFileType = sourcecode.c.h; name = _Wine.h; path = Model/_Wine.h; sourceTree = SOURCE_ROOT; };
		83E79D771677AA0300E0E42D /* Wine.h */ = {isa = PBXFileReference; fileEncoding = 4; lastKnownFileType = sourcecode.c.h; name = Wine.h; path = Model/Wine.h; sourceTree = SOURCE_ROOT; };
		83E79D781677AA0300E0E42D /* Wine.m */ = {isa = PBXFileReference; fileEncoding = 4; lastKnownFileType = sourcecode.c.objc; name = Wine.m; path = Model/Wine.m; sourceTree = SOURCE_ROOT; };
		83E79D791677AA0300E0E42D /* _Wine.m */ = {isa = PBXFileReference; fileEncoding = 4; lastKnownFileType = sourcecode.c.objc; name = _Wine.m; path = Model/_Wine.m; sourceTree = SOURCE_ROOT; };
		83E79D7A1677AA0300E0E42D /* _GrapeType.h */ = {isa = PBXFileReference; fileEncoding = 4; lastKnownFileType = sourcecode.c.h; name = _GrapeType.h; path = Model/_GrapeType.h; sourceTree = SOURCE_ROOT; };
		83E79D7B1677AA0300E0E42D /* _GrapeType.m */ = {isa = PBXFileReference; fileEncoding = 4; lastKnownFileType = sourcecode.c.objc; name = _GrapeType.m; path = Model/_GrapeType.m; sourceTree = SOURCE_ROOT; };
		83E79D7C1677AA0300E0E42D /* GrapeType.h */ = {isa = PBXFileReference; fileEncoding = 4; lastKnownFileType = sourcecode.c.h; name = GrapeType.h; path = Model/GrapeType.h; sourceTree = SOURCE_ROOT; };
		83E79D7D1677AA0300E0E42D /* GrapeType.m */ = {isa = PBXFileReference; fileEncoding = 4; lastKnownFileType = sourcecode.c.objc; name = GrapeType.m; path = Model/GrapeType.m; sourceTree = SOURCE_ROOT; };
		83E79D7E1677AA0300E0E42D /* _Varietal.h */ = {isa = PBXFileReference; fileEncoding = 4; lastKnownFileType = sourcecode.c.h; name = _Varietal.h; path = Model/_Varietal.h; sourceTree = SOURCE_ROOT; };
		83E79D7F1677AA0300E0E42D /* _Varietal.m */ = {isa = PBXFileReference; fileEncoding = 4; lastKnownFileType = sourcecode.c.objc; name = _Varietal.m; path = Model/_Varietal.m; sourceTree = SOURCE_ROOT; };
		83E79D801677AA0300E0E42D /* Varietal.h */ = {isa = PBXFileReference; fileEncoding = 4; lastKnownFileType = sourcecode.c.h; name = Varietal.h; path = Model/Varietal.h; sourceTree = SOURCE_ROOT; };
		83E79D811677AA0300E0E42D /* Varietal.m */ = {isa = PBXFileReference; fileEncoding = 4; lastKnownFileType = sourcecode.c.objc; name = Varietal.m; path = Model/Varietal.m; sourceTree = SOURCE_ROOT; };
		83E79D821677AA0300E0E42D /* _Country.h */ = {isa = PBXFileReference; fileEncoding = 4; lastKnownFileType = sourcecode.c.h; name = _Country.h; path = Model/_Country.h; sourceTree = SOURCE_ROOT; };
		83E79D831677AA0300E0E42D /* _Country.m */ = {isa = PBXFileReference; fileEncoding = 4; lastKnownFileType = sourcecode.c.objc; name = _Country.m; path = Model/_Country.m; sourceTree = SOURCE_ROOT; };
		83E79D841677AA0300E0E42D /* Country.h */ = {isa = PBXFileReference; fileEncoding = 4; lastKnownFileType = sourcecode.c.h; name = Country.h; path = Model/Country.h; sourceTree = SOURCE_ROOT; };
		83E79D851677AA0300E0E42D /* Country.m */ = {isa = PBXFileReference; fileEncoding = 4; lastKnownFileType = sourcecode.c.objc; name = Country.m; path = Model/Country.m; sourceTree = SOURCE_ROOT; };
		83E79D861677AA0300E0E42D /* _Indication.h */ = {isa = PBXFileReference; fileEncoding = 4; lastKnownFileType = sourcecode.c.h; name = _Indication.h; path = Model/_Indication.h; sourceTree = SOURCE_ROOT; };
		83E79D871677AA0300E0E42D /* _Indication.m */ = {isa = PBXFileReference; fileEncoding = 4; lastKnownFileType = sourcecode.c.objc; name = _Indication.m; path = Model/_Indication.m; sourceTree = SOURCE_ROOT; };
		83E79D881677AA0300E0E42D /* Indication.h */ = {isa = PBXFileReference; fileEncoding = 4; lastKnownFileType = sourcecode.c.h; name = Indication.h; path = Model/Indication.h; sourceTree = SOURCE_ROOT; };
		83E79D891677AA0300E0E42D /* Indication.m */ = {isa = PBXFileReference; fileEncoding = 4; lastKnownFileType = sourcecode.c.objc; name = Indication.m; path = Model/Indication.m; sourceTree = SOURCE_ROOT; };
		83E79D8A1677AA0300E0E42D /* _Classification.h */ = {isa = PBXFileReference; fileEncoding = 4; lastKnownFileType = sourcecode.c.h; name = _Classification.h; path = Model/_Classification.h; sourceTree = SOURCE_ROOT; };
		83E79D8B1677AA0300E0E42D /* _Classification.m */ = {isa = PBXFileReference; fileEncoding = 4; lastKnownFileType = sourcecode.c.objc; name = _Classification.m; path = Model/_Classification.m; sourceTree = SOURCE_ROOT; };
		83E79D8C1677AA0300E0E42D /* Classification.h */ = {isa = PBXFileReference; fileEncoding = 4; lastKnownFileType = sourcecode.c.h; name = Classification.h; path = Model/Classification.h; sourceTree = SOURCE_ROOT; };
		83E79D8D1677AA0300E0E42D /* Classification.m */ = {isa = PBXFileReference; fileEncoding = 4; lastKnownFileType = sourcecode.c.objc; name = Classification.m; path = Model/Classification.m; sourceTree = SOURCE_ROOT; };
		83E79D8E1677AA0300E0E42D /* _Region.h */ = {isa = PBXFileReference; fileEncoding = 4; lastKnownFileType = sourcecode.c.h; name = _Region.h; path = Model/_Region.h; sourceTree = SOURCE_ROOT; };
		83E79D8F1677AA0300E0E42D /* _Region.m */ = {isa = PBXFileReference; fileEncoding = 4; lastKnownFileType = sourcecode.c.objc; name = _Region.m; path = Model/_Region.m; sourceTree = SOURCE_ROOT; };
		83E79D901677AA0300E0E42D /* Region.h */ = {isa = PBXFileReference; fileEncoding = 4; lastKnownFileType = sourcecode.c.h; name = Region.h; path = Model/Region.h; sourceTree = SOURCE_ROOT; };
		83E79D911677AA0300E0E42D /* Region.m */ = {isa = PBXFileReference; fileEncoding = 4; lastKnownFileType = sourcecode.c.objc; name = Region.m; path = Model/Region.m; sourceTree = SOURCE_ROOT; };
		83E79D921677AA0300E0E42D /* _Appellation.h */ = {isa = PBXFileReference; fileEncoding = 4; lastKnownFileType = sourcecode.c.h; name = _Appellation.h; path = Model/_Appellation.h; sourceTree = SOURCE_ROOT; };
		83E79D931677AA0300E0E42D /* _Appellation.m */ = {isa = PBXFileReference; fileEncoding = 4; lastKnownFileType = sourcecode.c.objc; name = _Appellation.m; path = Model/_Appellation.m; sourceTree = SOURCE_ROOT; };
		83E79D941677AA0300E0E42D /* _Location.h */ = {isa = PBXFileReference; fileEncoding = 4; lastKnownFileType = sourcecode.c.h; name = _Location.h; path = Model/_Location.h; sourceTree = SOURCE_ROOT; };
		83E79D951677AA0300E0E42D /* _Location.m */ = {isa = PBXFileReference; fileEncoding = 4; lastKnownFileType = sourcecode.c.objc; name = _Location.m; path = Model/_Location.m; sourceTree = SOURCE_ROOT; };
		83E79D961677AA0300E0E42D /* _Winery.h */ = {isa = PBXFileReference; fileEncoding = 4; lastKnownFileType = sourcecode.c.h; name = _Winery.h; path = Model/_Winery.h; sourceTree = SOURCE_ROOT; };
		83E79D971677AA0300E0E42D /* _Winery.m */ = {isa = PBXFileReference; fileEncoding = 4; lastKnownFileType = sourcecode.c.objc; name = _Winery.m; path = Model/_Winery.m; sourceTree = SOURCE_ROOT; };
		83E79D981677AA0300E0E42D /* Appellation.h */ = {isa = PBXFileReference; fileEncoding = 4; lastKnownFileType = sourcecode.c.h; name = Appellation.h; path = Model/Appellation.h; sourceTree = SOURCE_ROOT; };
		83E79D991677AA0300E0E42D /* Appellation.m */ = {isa = PBXFileReference; fileEncoding = 4; lastKnownFileType = sourcecode.c.objc; name = Appellation.m; path = Model/Appellation.m; sourceTree = SOURCE_ROOT; };
		83E79D9A1677AA0300E0E42D /* Location.h */ = {isa = PBXFileReference; fileEncoding = 4; lastKnownFileType = sourcecode.c.h; name = Location.h; path = Model/Location.h; sourceTree = SOURCE_ROOT; };
		83E79D9B1677AA0300E0E42D /* Location.m */ = {isa = PBXFileReference; fileEncoding = 4; lastKnownFileType = sourcecode.c.objc; name = Location.m; path = Model/Location.m; sourceTree = SOURCE_ROOT; };
		83E79D9C1677AA0300E0E42D /* Winery.h */ = {isa = PBXFileReference; fileEncoding = 4; lastKnownFileType = sourcecode.c.h; name = Winery.h; path = Model/Winery.h; sourceTree = SOURCE_ROOT; };
		83E79D9D1677AA0300E0E42D /* Winery.m */ = {isa = PBXFileReference; fileEncoding = 4; lastKnownFileType = sourcecode.c.objc; name = Winery.m; path = Model/Winery.m; sourceTree = SOURCE_ROOT; };
		83E79DB21677AA1400E0E42D /* UIImage+ProportionalFill.m */ = {isa = PBXFileReference; fileEncoding = 4; lastKnownFileType = sourcecode.c.objc; name = "UIImage+ProportionalFill.m"; path = "Categories/UIImage+ProportionalFill.m"; sourceTree = SOURCE_ROOT; };
		83E79DB31677AA1400E0E42D /* UIImage+ProportionalFill.h */ = {isa = PBXFileReference; fileEncoding = 4; lastKnownFileType = sourcecode.c.h; name = "UIImage+ProportionalFill.h"; path = "Categories/UIImage+ProportionalFill.h"; sourceTree = SOURCE_ROOT; };
		83E79DB41677AA1400E0E42D /* UIImage+Tint.h */ = {isa = PBXFileReference; fileEncoding = 4; lastKnownFileType = sourcecode.c.h; name = "UIImage+Tint.h"; path = "Categories/UIImage+Tint.h"; sourceTree = SOURCE_ROOT; };
		83E79DB51677AA1400E0E42D /* UIImage+Tint.m */ = {isa = PBXFileReference; fileEncoding = 4; lastKnownFileType = sourcecode.c.objc; name = "UIImage+Tint.m"; path = "Categories/UIImage+Tint.m"; sourceTree = SOURCE_ROOT; };
		83E79DB61677AA1400E0E42D /* UIView+ObjectTagAdditions.m */ = {isa = PBXFileReference; fileEncoding = 4; lastKnownFileType = sourcecode.c.objc; name = "UIView+ObjectTagAdditions.m"; path = "Categories/UIView+ObjectTagAdditions.m"; sourceTree = SOURCE_ROOT; };
		83E79DB71677AA1400E0E42D /* UIView+ObjectTagAdditions.h */ = {isa = PBXFileReference; fileEncoding = 4; lastKnownFileType = sourcecode.c.h; name = "UIView+ObjectTagAdditions.h"; path = "Categories/UIView+ObjectTagAdditions.h"; sourceTree = SOURCE_ROOT; };
		83E79DB81677AA1400E0E42D /* UIImage+Scale.m */ = {isa = PBXFileReference; fileEncoding = 4; lastKnownFileType = sourcecode.c.objc; name = "UIImage+Scale.m"; path = "Categories/UIImage+Scale.m"; sourceTree = SOURCE_ROOT; };
		83E79DB91677AA1400E0E42D /* UIImage+Scale.h */ = {isa = PBXFileReference; fileEncoding = 4; lastKnownFileType = sourcecode.c.h; name = "UIImage+Scale.h"; path = "Categories/UIImage+Scale.h"; sourceTree = SOURCE_ROOT; };
		83E79DBA1677AA1400E0E42D /* UIColor+CellarColours.m */ = {isa = PBXFileReference; fileEncoding = 4; lastKnownFileType = sourcecode.c.objc; name = "UIColor+CellarColours.m"; path = "Categories/UIColor+CellarColours.m"; sourceTree = SOURCE_ROOT; };
		83E79DBB1677AA1400E0E42D /* UIColor+CellarColours.h */ = {isa = PBXFileReference; fileEncoding = 4; lastKnownFileType = sourcecode.c.h; name = "UIColor+CellarColours.h"; path = "Categories/UIColor+CellarColours.h"; sourceTree = SOURCE_ROOT; };
		83E79DC11677AA2600E0E42D /* WineCell.m */ = {isa = PBXFileReference; fileEncoding = 4; lastKnownFileType = sourcecode.c.objc; name = WineCell.m; path = Views/WineCell.m; sourceTree = SOURCE_ROOT; };
		83E79DC21677AA2600E0E42D /* WineCell.h */ = {isa = PBXFileReference; fileEncoding = 4; lastKnownFileType = sourcecode.c.h; name = WineCell.h; path = Views/WineCell.h; sourceTree = SOURCE_ROOT; };
		83E79DC31677AA2600E0E42D /* SettingsCell.m */ = {isa = PBXFileReference; fileEncoding = 4; lastKnownFileType = sourcecode.c.objc; name = SettingsCell.m; path = Views/SettingsCell.m; sourceTree = SOURCE_ROOT; };
		83E79DC41677AA2600E0E42D /* SettingsCell.h */ = {isa = PBXFileReference; fileEncoding = 4; lastKnownFileType = sourcecode.c.h; name = SettingsCell.h; path = Views/SettingsCell.h; sourceTree = SOURCE_ROOT; };
		83E79DC51677AA2600E0E42D /* CellarTableViewCell.m */ = {isa = PBXFileReference; fileEncoding = 4; lastKnownFileType = sourcecode.c.objc; name = CellarTableViewCell.m; path = Views/CellarTableViewCell.m; sourceTree = SOURCE_ROOT; };
		83E79DC61677AA2600E0E42D /* ColourCell.h */ = {isa = PBXFileReference; fileEncoding = 4; lastKnownFileType = sourcecode.c.h; name = ColourCell.h; path = Views/ColourCell.h; sourceTree = SOURCE_ROOT; };
		83E79DC71677AA2600E0E42D /* ColourCell.m */ = {isa = PBXFileReference; fileEncoding = 4; lastKnownFileType = sourcecode.c.objc; name = ColourCell.m; path = Views/ColourCell.m; sourceTree = SOURCE_ROOT; };
		83E79DC81677AA2600E0E42D /* CellarTableViewCell.h */ = {isa = PBXFileReference; fileEncoding = 4; lastKnownFileType = sourcecode.c.h; name = CellarTableViewCell.h; path = Views/CellarTableViewCell.h; sourceTree = SOURCE_ROOT; };
		83E79DCD1677AA4000E0E42D /* AddWineViewController.m */ = {isa = PBXFileReference; fileEncoding = 4; lastKnownFileType = sourcecode.c.objc; name = AddWineViewController.m; path = Controllers/AddWineViewController.m; sourceTree = SOURCE_ROOT; };
		83E79DCE1677AA4000E0E42D /* WineDetailViewController.m */ = {isa = PBXFileReference; fileEncoding = 4; lastKnownFileType = sourcecode.c.objc; name = WineDetailViewController.m; path = Controllers/WineDetailViewController.m; sourceTree = SOURCE_ROOT; };
		83E79DCF1677AA4000E0E42D /* AddWineViewController.h */ = {isa = PBXFileReference; fileEncoding = 4; lastKnownFileType = sourcecode.c.h; name = AddWineViewController.h; path = Controllers/AddWineViewController.h; sourceTree = SOURCE_ROOT; };
		83E79DD01677AA4000E0E42D /* WineDetailViewController.h */ = {isa = PBXFileReference; fileEncoding = 4; lastKnownFileType = sourcecode.c.h; name = WineDetailViewController.h; path = Controllers/WineDetailViewController.h; sourceTree = SOURCE_ROOT; };
		83E79DD31677AA5100E0E42D /* WineTableViewController.m */ = {isa = PBXFileReference; fileEncoding = 4; lastKnownFileType = sourcecode.c.objc; name = WineTableViewController.m; path = Controllers/WineTableViewController.m; sourceTree = SOURCE_ROOT; };
		83E79DD41677AA5100E0E42D /* WineTableViewController.h */ = {isa = PBXFileReference; fileEncoding = 4; lastKnownFileType = sourcecode.c.h; name = WineTableViewController.h; path = Controllers/WineTableViewController.h; sourceTree = SOURCE_ROOT; };
		83E79DD51677AA5100E0E42D /* AbstractTableViewController.m */ = {isa = PBXFileReference; fileEncoding = 4; lastKnownFileType = sourcecode.c.objc; name = AbstractTableViewController.m; path = Controllers/AbstractTableViewController.m; sourceTree = SOURCE_ROOT; };
		83E79DD61677AA5100E0E42D /* VarietalTableViewController.m */ = {isa = PBXFileReference; fileEncoding = 4; lastKnownFileType = sourcecode.c.objc; name = VarietalTableViewController.m; path = Controllers/VarietalTableViewController.m; sourceTree = SOURCE_ROOT; };
		83E79DD71677AA5100E0E42D /* ColourTableViewController.m */ = {isa = PBXFileReference; fileEncoding = 4; lastKnownFileType = sourcecode.c.objc; name = ColourTableViewController.m; path = Controllers/ColourTableViewController.m; sourceTree = SOURCE_ROOT; };
		83E79DD81677AA5100E0E42D /* ColourTableViewController.h */ = {isa = PBXFileReference; fileEncoding = 4; lastKnownFileType = sourcecode.c.h; name = ColourTableViewController.h; path = Controllers/ColourTableViewController.h; sourceTree = SOURCE_ROOT; };
		83E79DD91677AA5100E0E42D /* AppellationTableViewController.m */ = {isa = PBXFileReference; fileEncoding = 4; lastKnownFileType = sourcecode.c.objc; name = AppellationTableViewController.m; path = Controllers/AppellationTableViewController.m; sourceTree = SOURCE_ROOT; };
		83E79DDA1677AA5100E0E42D /* RegionTableViewController.m */ = {isa = PBXFileReference; fileEncoding = 4; lastKnownFileType = sourcecode.c.objc; name = RegionTableViewController.m; path = Controllers/RegionTableViewController.m; sourceTree = SOURCE_ROOT; };
		83E79DDB1677AA5100E0E42D /* CountryTableViewController.m */ = {isa = PBXFileReference; fileEncoding = 4; lastKnownFileType = sourcecode.c.objc; name = CountryTableViewController.m; path = Controllers/CountryTableViewController.m; sourceTree = SOURCE_ROOT; };
		83E79DDC1677AA5100E0E42D /* AbstractTableViewController.h */ = {isa = PBXFileReference; fileEncoding = 4; lastKnownFileType = sourcecode.c.h; name = AbstractTableViewController.h; path = Controllers/AbstractTableViewController.h; sourceTree = SOURCE_ROOT; };
		83E79DDD1677AA5100E0E42D /* VarietalTableViewController.h */ = {isa = PBXFileReference; fileEncoding = 4; lastKnownFileType = sourcecode.c.h; name = VarietalTableViewController.h; path = Controllers/VarietalTableViewController.h; sourceTree = SOURCE_ROOT; };
		83E79DDE1677AA5100E0E42D /* CountryTableViewController.h */ = {isa = PBXFileReference; fileEncoding = 4; lastKnownFileType = sourcecode.c.h; name = CountryTableViewController.h; path = Controllers/CountryTableViewController.h; sourceTree = SOURCE_ROOT; };
		83E79DDF1677AA5100E0E42D /* AppellationTableViewController.h */ = {isa = PBXFileReference; fileEncoding = 4; lastKnownFileType = sourcecode.c.h; name = AppellationTableViewController.h; path = Controllers/AppellationTableViewController.h; sourceTree = SOURCE_ROOT; };
		83E79DE01677AA5100E0E42D /* RegionTableViewController.h */ = {isa = PBXFileReference; fileEncoding = 4; lastKnownFileType = sourcecode.c.h; name = RegionTableViewController.h; path = Controllers/RegionTableViewController.h; sourceTree = SOURCE_ROOT; };
		83E79DE81677AA6900E0E42D /* RaisedTabBarController.m */ = {isa = PBXFileReference; fileEncoding = 4; lastKnownFileType = sourcecode.c.objc; name = RaisedTabBarController.m; path = Controllers/RaisedTabBarController.m; sourceTree = SOURCE_ROOT; };
		83E79DE91677AA6900E0E42D /* RaisedTabBarController.h */ = {isa = PBXFileReference; fileEncoding = 4; lastKnownFileType = sourcecode.c.h; name = RaisedTabBarController.h; path = Controllers/RaisedTabBarController.h; sourceTree = SOURCE_ROOT; };
		83E79DEB1677AA8100E0E42D /* InitialDataImportService.m */ = {isa = PBXFileReference; fileEncoding = 4; lastKnownFileType = sourcecode.c.objc; name = InitialDataImportService.m; path = Services/InitialDataImportService.m; sourceTree = SOURCE_ROOT; };
		83E79DEC1677AA8100E0E42D /* InitialDataImportService.h */ = {isa = PBXFileReference; fileEncoding = 4; lastKnownFileType = sourcecode.c.h; name = InitialDataImportService.h; path = Services/InitialDataImportService.h; sourceTree = SOURCE_ROOT; };
		83E79DEE1677AA9C00E0E42D /* AppDelegate.m */ = {isa = PBXFileReference; fileEncoding = 4; lastKnownFileType = sourcecode.c.objc; path = AppDelegate.m; sourceTree = SOURCE_ROOT; };
		83E79DEF1677AA9C00E0E42D /* AppDelegate.h */ = {isa = PBXFileReference; fileEncoding = 4; lastKnownFileType = sourcecode.c.h; path = AppDelegate.h; sourceTree = SOURCE_ROOT; };
		83EF99D5165A615900C56F40 /* Icon@2x.png */ = {isa = PBXFileReference; lastKnownFileType = image.png; path = "Icon@2x.png"; sourceTree = "<group>"; };
		83EF99D6165A615900C56F40 /* iTunesArtwork.png */ = {isa = PBXFileReference; lastKnownFileType = image.png; path = iTunesArtwork.png; sourceTree = "<group>"; };
		83EF99D7165A615900C56F40 /* iTunesArtwork@2x.png */ = {isa = PBXFileReference; lastKnownFileType = image.png; path = "iTunesArtwork@2x.png"; sourceTree = "<group>"; };
		83EF99E4165AA92700C56F40 /* QuartzCore.framework */ = {isa = PBXFileReference; lastKnownFileType = wrapper.framework; name = QuartzCore.framework; path = System/Library/Frameworks/QuartzCore.framework; sourceTree = SDKROOT; };
/* End PBXFileReference section */

/* Begin PBXFrameworksBuildPhase section */
		83D5DD64163EBC50001C857E /* Frameworks */ = {
			isa = PBXFrameworksBuildPhase;
			buildActionMask = 2147483647;
			files = (
				8319B00A1677C6E0005E28BB /* MapKit.framework in Frameworks */,
				8319AFE11677C0DC005E28BB /* libSSToolkit.a in Frameworks */,
				83EF99E5165AA92700C56F40 /* QuartzCore.framework in Frameworks */,
				83D5DD6C163EBC50001C857E /* UIKit.framework in Frameworks */,
				83D5DD6E163EBC50001C857E /* Foundation.framework in Frameworks */,
				83D5DD70163EBC50001C857E /* CoreGraphics.framework in Frameworks */,
				83D5DD72163EBC50001C857E /* CoreData.framework in Frameworks */,
			);
			runOnlyForDeploymentPostprocessing = 0;
		};
/* End PBXFrameworksBuildPhase section */

/* Begin PBXGroup section */
		8319AF7B1677BFF8005E28BB /* MagicalRecord */ = {
			isa = PBXGroup;
			children = (
				8319AF7C1677BFF8005E28BB /* Categories */,
				8319AFA61677BFF8005E28BB /* Core */,
				8319AFB61677BFF8005E28BB /* CoreData+MagicalRecord.h */,
			);
			name = MagicalRecord;
			path = "Frameworks/Magical-Record/MagicalRecord";
			sourceTree = SOURCE_ROOT;
		};
		8319AF7C1677BFF8005E28BB /* Categories */ = {
			isa = PBXGroup;
			children = (
				8319AF7D1677BFF8005E28BB /* DataImport */,
				8319AF8C1677BFF8005E28BB /* NSManagedObject */,
				8319AF971677BFF8005E28BB /* NSManagedObjectContext */,
				8319AFA01677BFF8005E28BB /* NSManagedObjectModel+MagicalRecord.h */,
				8319AFA11677BFF8005E28BB /* NSManagedObjectModel+MagicalRecord.m */,
				8319AFA21677BFF8005E28BB /* NSPersistentStore+MagicalRecord.h */,
				8319AFA31677BFF8005E28BB /* NSPersistentStore+MagicalRecord.m */,
				8319AFA41677BFF8005E28BB /* NSPersistentStoreCoordinator+MagicalRecord.h */,
				8319AFA51677BFF8005E28BB /* NSPersistentStoreCoordinator+MagicalRecord.m */,
			);
			path = Categories;
			sourceTree = "<group>";
		};
		8319AF7D1677BFF8005E28BB /* DataImport */ = {
			isa = PBXGroup;
			children = (
				8319AF7E1677BFF8005E28BB /* MagicalImportFunctions.h */,
				8319AF7F1677BFF8005E28BB /* MagicalImportFunctions.m */,
				8319AF801677BFF8005E28BB /* NSAttributeDescription+MagicalDataImport.h */,
				8319AF811677BFF8005E28BB /* NSAttributeDescription+MagicalDataImport.m */,
				8319AF821677BFF8005E28BB /* NSEntityDescription+MagicalDataImport.h */,
				8319AF831677BFF8005E28BB /* NSEntityDescription+MagicalDataImport.m */,
				8319AF841677BFF8005E28BB /* NSNumber+MagicalDataImport.h */,
				8319AF851677BFF8005E28BB /* NSNumber+MagicalDataImport.m */,
				8319AF861677BFF8005E28BB /* NSObject+MagicalDataImport.h */,
				8319AF871677BFF8005E28BB /* NSObject+MagicalDataImport.m */,
				8319AF881677BFF8005E28BB /* NSRelationshipDescription+MagicalDataImport.h */,
				8319AF891677BFF8005E28BB /* NSRelationshipDescription+MagicalDataImport.m */,
				8319AF8A1677BFF8005E28BB /* NSString+MagicalDataImport.h */,
				8319AF8B1677BFF8005E28BB /* NSString+MagicalDataImport.m */,
			);
			path = DataImport;
			sourceTree = "<group>";
		};
		8319AF8C1677BFF8005E28BB /* NSManagedObject */ = {
			isa = PBXGroup;
			children = (
				8319AF8D1677BFF8005E28BB /* NSManagedObject+MagicalAggregation.h */,
				8319AF8E1677BFF8005E28BB /* NSManagedObject+MagicalAggregation.m */,
				8319AF8F1677BFF8005E28BB /* NSManagedObject+MagicalDataImport.h */,
				8319AF901677BFF8005E28BB /* NSManagedObject+MagicalDataImport.m */,
				8319AF911677BFF8005E28BB /* NSManagedObject+MagicalFinders.h */,
				8319AF921677BFF8005E28BB /* NSManagedObject+MagicalFinders.m */,
				8319AF931677BFF8005E28BB /* NSManagedObject+MagicalRecord.h */,
				8319AF941677BFF8005E28BB /* NSManagedObject+MagicalRecord.m */,
				8319AF951677BFF8005E28BB /* NSManagedObject+MagicalRequests.h */,
				8319AF961677BFF8005E28BB /* NSManagedObject+MagicalRequests.m */,
			);
			path = NSManagedObject;
			sourceTree = "<group>";
		};
		8319AF971677BFF8005E28BB /* NSManagedObjectContext */ = {
			isa = PBXGroup;
			children = (
				8319AF981677BFF8005E28BB /* NSManagedObjectContext+MagicalObserving.h */,
				8319AF991677BFF8005E28BB /* NSManagedObjectContext+MagicalObserving.m */,
				8319AF9A1677BFF8005E28BB /* NSManagedObjectContext+MagicalRecord.h */,
				8319AF9B1677BFF8005E28BB /* NSManagedObjectContext+MagicalRecord.m */,
				8319AF9C1677BFF8005E28BB /* NSManagedObjectContext+MagicalSaves.h */,
				8319AF9D1677BFF8005E28BB /* NSManagedObjectContext+MagicalSaves.m */,
				8319AF9E1677BFF8005E28BB /* NSManagedObjectContext+MagicalThreading.h */,
				8319AF9F1677BFF8005E28BB /* NSManagedObjectContext+MagicalThreading.m */,
			);
			path = NSManagedObjectContext;
			sourceTree = "<group>";
		};
		8319AFA61677BFF8005E28BB /* Core */ = {
			isa = PBXGroup;
			children = (
				8319AFA71677BFF8005E28BB /* MagicalRecord+Actions.h */,
				8319AFA81677BFF8005E28BB /* MagicalRecord+Actions.m */,
				8319AFA91677BFF8005E28BB /* MagicalRecord+ErrorHandling.h */,
				8319AFAA1677BFF8005E28BB /* MagicalRecord+ErrorHandling.m */,
				8319AFAB1677BFF8005E28BB /* MagicalRecord+iCloud.h */,
				8319AFAC1677BFF8005E28BB /* MagicalRecord+iCloud.m */,
				8319AFAD1677BFF8005E28BB /* MagicalRecord+Options.h */,
				8319AFAE1677BFF8005E28BB /* MagicalRecord+Options.m */,
				8319AFAF1677BFF8005E28BB /* MagicalRecord+Setup.h */,
				8319AFB01677BFF8005E28BB /* MagicalRecord+Setup.m */,
				8319AFB11677BFF8005E28BB /* MagicalRecord+ShorthandSupport.h */,
				8319AFB21677BFF8005E28BB /* MagicalRecord+ShorthandSupport.m */,
				8319AFB31677BFF8005E28BB /* MagicalRecord.h */,
				8319AFB41677BFF8005E28BB /* MagicalRecord.m */,
				8319AFB51677BFF8005E28BB /* MagicalRecordShorthand.h */,
			);
			path = Core;
			sourceTree = "<group>";
		};
		8319AFD21677C09F005E28BB /* Products */ = {
			isa = PBXGroup;
			children = (
				8319AFD81677C09F005E28BB /* libSSToolkit.a */,
				8319AFDA1677C09F005E28BB /* SSToolkitTests.app */,
				8319AFDC1677C09F005E28BB /* SSToolkitResources.bundle */,
			);
			name = Products;
			sourceTree = "<group>";
		};
		8319AFE51677C295005E28BB /* PaperFold */ = {
			isa = PBXGroup;
			children = (
				8319AFE61677C295005E28BB /* FacingView.h */,
				8319AFE71677C295005E28BB /* FacingView.m */,
				8319AFE81677C295005E28BB /* FoldView.h */,
				8319AFE91677C295005E28BB /* FoldView.m */,
				8319AFEA1677C295005E28BB /* MultiFoldView.h */,
				8319AFEB1677C295005E28BB /* MultiFoldView.m */,
				8319AFEC1677C295005E28BB /* PaperFoldConstants.h */,
				8319AFED1677C295005E28BB /* PaperFoldNavigationController.h */,
				8319AFEE1677C295005E28BB /* PaperFoldNavigationController.m */,
				8319AFEF1677C295005E28BB /* PaperFoldResources.bundle */,
				8319AFF01677C295005E28BB /* PaperFoldSwipeHintView.h */,
				8319AFF11677C295005E28BB /* PaperFoldSwipeHintView.m */,
				8319AFF21677C295005E28BB /* PaperFoldView.h */,
				8319AFF31677C295005E28BB /* PaperFoldView.m */,
				8319AFF41677C295005E28BB /* Resources */,
				8319AFF71677C295005E28BB /* ShadowView.h */,
				8319AFF81677C295005E28BB /* ShadowView.m */,
				8319AFF91677C295005E28BB /* TouchThroughUIView.h */,
				8319AFFA1677C295005E28BB /* TouchThroughUIView.m */,
				8319AFFB1677C295005E28BB /* UIView+Screenshot.h */,
				8319AFFC1677C295005E28BB /* UIView+Screenshot.m */,
			);
			name = PaperFold;
			path = "Frameworks/PaperFold-for-iOS/PaperFold/PaperFold/PaperFold";
			sourceTree = SOURCE_ROOT;
		};
		8319AFF41677C295005E28BB /* Resources */ = {
			isa = PBXGroup;
			children = (
				8319AFF51677C295005E28BB /* swipe_guide.psd */,
				8319AFF61677C295005E28BB /* swipe_guide2.psd */,
			);
			path = Resources;
			sourceTree = "<group>";
		};
		832EDC4F165FD4FA00AE20A9 /* Frameworks */ = {
			isa = PBXGroup;
			children = (
				833146D916791B0E000F9654 /* PopoverView */,
				8319AFE51677C295005E28BB /* PaperFold */,
				8319AF7B1677BFF8005E28BB /* MagicalRecord */,
			);
			name = Frameworks;
			path = Cellar/Frameworks;
			sourceTree = "<group>";
		};
		832EDF88165FF55400AE20A9 /* Icons */ = {
			isa = PBXGroup;
			children = (
				833146E0167931BA000F9654 /* wine_bottle@2x.png */,
				8361EE6F1677B5930057E04B /* food_grapes_black@2x.png */,
				8361EE701677B5930057E04B /* add-wine-button@2x.png */,
				8361EE711677B5930057E04B /* globe@2x.png */,
				8361EE721677B5930057E04B /* trashbin@2x.png */,
				8361EE631677B5810057E04B /* globe-icon@2x.png */,
				8361EE641677B5810057E04B /* collections@2x.png */,
				8361EE651677B5810057E04B /* food_grapes@2x.png */,
				8361EE661677B5810057E04B /* food_wine_bottle_glass@2x.png */,
				8361EE671677B5810057E04B /* food_wine_bottle@2x.png */,
				8361EE681677B5810057E04B /* food_wine_glass@2x.png */,
			);
			path = Icons;
			sourceTree = "<group>";
		};
		833146D11678D29E000F9654 /* PaperFold */ = {
			isa = PBXGroup;
			children = (
				833146DF167926AB000F9654 /* Pickers */,
				833146D31678D2E5000F9654 /* WineFilterFoldViewController.h */,
				833146D41678D2E5000F9654 /* WineFilterFoldViewController.m */,
			);
			name = PaperFold;
			sourceTree = "<group>";
		};
		833146D916791B0E000F9654 /* PopoverView */ = {
			isa = PBXGroup;
			children = (
				833146DA16791B0E000F9654 /* PopoverView.h */,
				833146DB16791B0E000F9654 /* PopoverView.m */,
			);
			name = PopoverView;
			path = Frameworks/PopoverView;
			sourceTree = SOURCE_ROOT;
		};
		833146DF167926AB000F9654 /* Pickers */ = {
			isa = PBXGroup;
			children = (
			);
			name = Pickers;
			sourceTree = "<group>";
		};
		83351157165594E900E9D6E1 /* Categories */ = {
			isa = PBXGroup;
			children = (
				83E79DB21677AA1400E0E42D /* UIImage+ProportionalFill.m */,
				83E79DB31677AA1400E0E42D /* UIImage+ProportionalFill.h */,
				83E79DB41677AA1400E0E42D /* UIImage+Tint.h */,
				83E79DB51677AA1400E0E42D /* UIImage+Tint.m */,
				83E79DB61677AA1400E0E42D /* UIView+ObjectTagAdditions.m */,
				83E79DB71677AA1400E0E42D /* UIView+ObjectTagAdditions.h */,
				83E79DB81677AA1400E0E42D /* UIImage+Scale.m */,
				83E79DB91677AA1400E0E42D /* UIImage+Scale.h */,
				83E79DBA1677AA1400E0E42D /* UIColor+CellarColours.m */,
				83E79DBB1677AA1400E0E42D /* UIColor+CellarColours.h */,
			);
			name = Categories;
			path = Controllers;
			sourceTree = "<group>";
		};
		83358FF6164B133B00FEA5C9 /* Resources */ = {
			isa = PBXGroup;
			children = (
				8361EE771677B5B70057E04B /* Default-568h@2x.png */,
				83EF99D4165A615900C56F40 /* App Icon [Rounded] */,
				833591E4164B145E00FEA5C9 /* Default.png */,
				833591E5164B145E00FEA5C9 /* Default@2x.png */,
				83358FF7164B133B00FEA5C9 /* Data */,
				83358FF9164B133B00FEA5C9 /* Flags */,
				833590E4164B133B00FEA5C9 /* Images */,
			);
			path = Resources;
			sourceTree = "<group>";
		};
		83358FF7164B133B00FEA5C9 /* Data */ = {
			isa = PBXGroup;
			children = (
				8361EE5B1677B5290057E04B /* data.json */,
			);
			path = Data;
			sourceTree = "<group>";
		};
		83358FF9164B133B00FEA5C9 /* Flags */ = {
			isa = PBXGroup;
			children = (
				8361EE431677B51E0057E04B /* CH.png */,
				8361EE441677B51E0057E04B /* US.png */,
				8361EE451677B51E0057E04B /* ES.png */,
				8361EE461677B51E0057E04B /* ZAF.png */,
				8361EE471677B51E0057E04B /* PT.png */,
				8361EE481677B51E0057E04B /* NZL.png */,
				8361EE491677B51E0057E04B /* IT.png */,
				8361EE4A1677B51E0057E04B /* GRC.png */,
				8361EE4B1677B51E0057E04B /* DE.png */,
				8361EE4C1677B51E0057E04B /* FR.png */,
				8361EE4D1677B51E0057E04B /* CL.png */,
				8361EE4E1677B51E0057E04B /* AT.png */,
			);
			path = Flags;
			sourceTree = "<group>";
		};
		833590E4164B133B00FEA5C9 /* Images */ = {
			isa = PBXGroup;
			children = (
				832EDF88165FF55400AE20A9 /* Icons */,
			);
			path = Images;
			sourceTree = "<group>";
		};
		833591D0164B13DF00FEA5C9 /* Controllers */ = {
			isa = PBXGroup;
			children = (
				833146D11678D29E000F9654 /* PaperFold */,
				83AB87EE165191BE008F7094 /* Wine */,
				83AB87ED1651916D008F7094 /* TableViews */,
				83E79DE81677AA6900E0E42D /* RaisedTabBarController.m */,
				83E79DE91677AA6900E0E42D /* RaisedTabBarController.h */,
			);
			path = Controllers;
			sourceTree = "<group>";
		};
		833591E0164B143F00FEA5C9 /* Services */ = {
			isa = PBXGroup;
			children = (
				83E79DEB1677AA8100E0E42D /* InitialDataImportService.m */,
				83E79DEC1677AA8100E0E42D /* InitialDataImportService.h */,
			);
			path = Services;
			sourceTree = "<group>";
		};
		833591EA164B147600FEA5C9 /* Views */ = {
			isa = PBXGroup;
			children = (
				83E79DC11677AA2600E0E42D /* WineCell.m */,
				83E79DC21677AA2600E0E42D /* WineCell.h */,
				83E79DC31677AA2600E0E42D /* SettingsCell.m */,
				83E79DC41677AA2600E0E42D /* SettingsCell.h */,
				83E79DC51677AA2600E0E42D /* CellarTableViewCell.m */,
				83E79DC61677AA2600E0E42D /* ColourCell.h */,
				83E79DC71677AA2600E0E42D /* ColourCell.m */,
				83E79DC81677AA2600E0E42D /* CellarTableViewCell.h */,
			);
			path = Views;
			sourceTree = "<group>";
		};
		83AB87ED1651916D008F7094 /* TableViews */ = {
			isa = PBXGroup;
			children = (
				83E79DDC1677AA5100E0E42D /* AbstractTableViewController.h */,
				83E79DD51677AA5100E0E42D /* AbstractTableViewController.m */,
				83E79DDF1677AA5100E0E42D /* AppellationTableViewController.h */,
				83E79DD91677AA5100E0E42D /* AppellationTableViewController.m */,
				83E79DD81677AA5100E0E42D /* ColourTableViewController.h */,
				83E79DD71677AA5100E0E42D /* ColourTableViewController.m */,
				83E79DDE1677AA5100E0E42D /* CountryTableViewController.h */,
				83E79DDB1677AA5100E0E42D /* CountryTableViewController.m */,
				83E79DE01677AA5100E0E42D /* RegionTableViewController.h */,
				83E79DDA1677AA5100E0E42D /* RegionTableViewController.m */,
				83E79DDD1677AA5100E0E42D /* VarietalTableViewController.h */,
				83E79DD61677AA5100E0E42D /* VarietalTableViewController.m */,
				83E79DD41677AA5100E0E42D /* WineTableViewController.h */,
				83E79DD31677AA5100E0E42D /* WineTableViewController.m */,
			);
			name = TableViews;
			sourceTree = "<group>";
		};
		83AB87EE165191BE008F7094 /* Wine */ = {
			isa = PBXGroup;
			children = (
				83E79DCF1677AA4000E0E42D /* AddWineViewController.h */,
				83E79DCD1677AA4000E0E42D /* AddWineViewController.m */,
				83E79DD01677AA4000E0E42D /* WineDetailViewController.h */,
				83E79DCE1677AA4000E0E42D /* WineDetailViewController.m */,
			);
			name = Wine;
			sourceTree = "<group>";
		};
		83AF98211649C2170030C08C /* Model */ = {
			isa = PBXGroup;
			children = (
				83E79D761677AA0300E0E42D /* _Wine.h */,
				83E79D771677AA0300E0E42D /* Wine.h */,
				83E79D781677AA0300E0E42D /* Wine.m */,
				83E79D791677AA0300E0E42D /* _Wine.m */,
				83E79D7A1677AA0300E0E42D /* _GrapeType.h */,
				83E79D7B1677AA0300E0E42D /* _GrapeType.m */,
				83E79D7C1677AA0300E0E42D /* GrapeType.h */,
				83E79D7D1677AA0300E0E42D /* GrapeType.m */,
				83E79D7E1677AA0300E0E42D /* _Varietal.h */,
				83E79D7F1677AA0300E0E42D /* _Varietal.m */,
				83E79D801677AA0300E0E42D /* Varietal.h */,
				83E79D811677AA0300E0E42D /* Varietal.m */,
				83E79D821677AA0300E0E42D /* _Country.h */,
				83E79D831677AA0300E0E42D /* _Country.m */,
				83E79D841677AA0300E0E42D /* Country.h */,
				83E79D851677AA0300E0E42D /* Country.m */,
				83E79D861677AA0300E0E42D /* _Indication.h */,
				83E79D871677AA0300E0E42D /* _Indication.m */,
				83E79D881677AA0300E0E42D /* Indication.h */,
				83E79D891677AA0300E0E42D /* Indication.m */,
				83E79D8A1677AA0300E0E42D /* _Classification.h */,
				83E79D8B1677AA0300E0E42D /* _Classification.m */,
				83E79D8C1677AA0300E0E42D /* Classification.h */,
				83E79D8D1677AA0300E0E42D /* Classification.m */,
				83E79D8E1677AA0300E0E42D /* _Region.h */,
				83E79D8F1677AA0300E0E42D /* _Region.m */,
				83E79D901677AA0300E0E42D /* Region.h */,
				83E79D911677AA0300E0E42D /* Region.m */,
				83E79D921677AA0300E0E42D /* _Appellation.h */,
				83E79D931677AA0300E0E42D /* _Appellation.m */,
				83E79D941677AA0300E0E42D /* _Location.h */,
				83E79D951677AA0300E0E42D /* _Location.m */,
				83E79D961677AA0300E0E42D /* _Winery.h */,
				83E79D971677AA0300E0E42D /* _Winery.m */,
				83E79D981677AA0300E0E42D /* Appellation.h */,
				83E79D991677AA0300E0E42D /* Appellation.m */,
				83E79D9A1677AA0300E0E42D /* Location.h */,
				83E79D9B1677AA0300E0E42D /* Location.m */,
				83E79D9C1677AA0300E0E42D /* Winery.h */,
				83E79D9D1677AA0300E0E42D /* Winery.m */,
			);
			path = Model;
			sourceTree = "<group>";
		};
		83D5DD5C163EBC50001C857E = {
			isa = PBXGroup;
			children = (
				8319B0091677C6E0005E28BB /* MapKit.framework */,
				8319AFD11677C09F005E28BB /* SSToolkit.xcodeproj */,
				832EDC4F165FD4FA00AE20A9 /* Frameworks */,
				83D5DD73163EBC50001C857E /* Cellar */,
				83D5DD6A163EBC50001C857E /* Frameworks */,
				83D5DD68163EBC50001C857E /* Products */,
			);
			sourceTree = "<group>";
		};
		83D5DD68163EBC50001C857E /* Products */ = {
			isa = PBXGroup;
			children = (
				83D5DD67163EBC50001C857E /* Cellar.app */,
			);
			name = Products;
			sourceTree = "<group>";
		};
		83D5DD6A163EBC50001C857E /* Frameworks */ = {
			isa = PBXGroup;
			children = (
				83EF99E4165AA92700C56F40 /* QuartzCore.framework */,
				83D5DD6B163EBC50001C857E /* UIKit.framework */,
				83D5DD6D163EBC50001C857E /* Foundation.framework */,
				83D5DD6F163EBC50001C857E /* CoreGraphics.framework */,
				83D5DD71163EBC50001C857E /* CoreData.framework */,
			);
			name = Frameworks;
			sourceTree = "<group>";
		};
		83D5DD73163EBC50001C857E /* Cellar */ = {
			isa = PBXGroup;
			children = (
				83351157165594E900E9D6E1 /* Categories */,
				83AF98211649C2170030C08C /* Model */,
				833591EA164B147600FEA5C9 /* Views */,
				833591D0164B13DF00FEA5C9 /* Controllers */,
				833591E0164B143F00FEA5C9 /* Services */,
				83E79DEE1677AA9C00E0E42D /* AppDelegate.m */,
				83E79DEF1677AA9C00E0E42D /* AppDelegate.h */,
				8361EE601677B55B0057E04B /* Cellar.xcdatamodeld */,
				83D5DD74163EBC50001C857E /* Supporting Files */,
				83358FF6164B133B00FEA5C9 /* Resources */,
			);
			path = Cellar;
			sourceTree = "<group>";
		};
		83D5DD74163EBC50001C857E /* Supporting Files */ = {
			isa = PBXGroup;
			children = (
				8361EE5D1677B54D0057E04B /* Cellar-Info.plist */,
				8361EE5E1677B54D0057E04B /* Cellar-Prefix.pch */,
				8361EE281677B4B50057E04B /* main.m */,
			);
			name = "Supporting Files";
			sourceTree = "<group>";
		};
		83EF99D4165A615900C56F40 /* App Icon [Rounded] */ = {
			isa = PBXGroup;
			children = (
				83EF99D5165A615900C56F40 /* Icon@2x.png */,
				83EF99D6165A615900C56F40 /* iTunesArtwork.png */,
				83EF99D7165A615900C56F40 /* iTunesArtwork@2x.png */,
			);
			path = "App Icon [Rounded]";
			sourceTree = "<group>";
		};
/* End PBXGroup section */

/* Begin PBXNativeTarget section */
		83D5DD66163EBC50001C857E /* Cellar */ = {
			isa = PBXNativeTarget;
			buildConfigurationList = 83D5DD8A163EBC50001C857E /* Build configuration list for PBXNativeTarget "Cellar" */;
			buildPhases = (
				83D5DD63163EBC50001C857E /* Sources */,
				83D5DD64163EBC50001C857E /* Frameworks */,
				83D5DD65163EBC50001C857E /* Resources */,
			);
			buildRules = (
			);
			dependencies = (
				8319AFDE1677C0CE005E28BB /* PBXTargetDependency */,
				8319AFE01677C0CE005E28BB /* PBXTargetDependency */,
			);
			name = Cellar;
			productName = Cellar;
			productReference = 83D5DD67163EBC50001C857E /* Cellar.app */;
			productType = "com.apple.product-type.application";
		};
/* End PBXNativeTarget section */

/* Begin PBXProject section */
		83D5DD5E163EBC50001C857E /* Project object */ = {
			isa = PBXProject;
			attributes = {
				LastUpgradeCheck = 0460;
				ORGANIZATIONNAME = "Christian Stangier";
			};
			buildConfigurationList = 83D5DD61163EBC50001C857E /* Build configuration list for PBXProject "Cellar" */;
			compatibilityVersion = "Xcode 3.2";
			developmentRegion = English;
			hasScannedForEncodings = 0;
			knownRegions = (
				en,
				de,
				es,
				fr,
				id,
				it,
				ja,
				ko,
				ms,
				nl,
				pt,
				pt_PT,
				ru,
				sv,
				zh_Hans,
				zh_Hant,
			);
			mainGroup = 83D5DD5C163EBC50001C857E;
			productRefGroup = 83D5DD68163EBC50001C857E /* Products */;
			projectDirPath = "";
			projectReferences = (
				{
					ProductGroup = 8319AFD21677C09F005E28BB /* Products */;
					ProjectRef = 8319AFD11677C09F005E28BB /* SSToolkit.xcodeproj */;
				},
			);
			projectRoot = "";
			targets = (
				83D5DD66163EBC50001C857E /* Cellar */,
			);
		};
/* End PBXProject section */

/* Begin PBXReferenceProxy section */
		8319AFD81677C09F005E28BB /* libSSToolkit.a */ = {
			isa = PBXReferenceProxy;
			fileType = archive.ar;
			path = libSSToolkit.a;
			remoteRef = 8319AFD71677C09F005E28BB /* PBXContainerItemProxy */;
			sourceTree = BUILT_PRODUCTS_DIR;
		};
		8319AFDA1677C09F005E28BB /* SSToolkitTests.app */ = {
			isa = PBXReferenceProxy;
			fileType = wrapper.application;
			path = SSToolkitTests.app;
			remoteRef = 8319AFD91677C09F005E28BB /* PBXContainerItemProxy */;
			sourceTree = BUILT_PRODUCTS_DIR;
		};
		8319AFDC1677C09F005E28BB /* SSToolkitResources.bundle */ = {
			isa = PBXReferenceProxy;
			fileType = wrapper.cfbundle;
			path = SSToolkitResources.bundle;
			remoteRef = 8319AFDB1677C09F005E28BB /* PBXContainerItemProxy */;
			sourceTree = BUILT_PRODUCTS_DIR;
		};
/* End PBXReferenceProxy section */

/* Begin PBXResourcesBuildPhase section */
		83D5DD65163EBC50001C857E /* Resources */ = {
			isa = PBXResourcesBuildPhase;
			buildActionMask = 2147483647;
			files = (
				8319AFE21677C0F8005E28BB /* SSToolkitResources.bundle in Resources */,
				8361EE4F1677B51E0057E04B /* CH.png in Resources */,
				8361EE501677B51E0057E04B /* US.png in Resources */,
				8361EE511677B51E0057E04B /* ES.png in Resources */,
				8361EE521677B51E0057E04B /* ZAF.png in Resources */,
				8361EE531677B51E0057E04B /* PT.png in Resources */,
				8361EE541677B51E0057E04B /* NZL.png in Resources */,
				8361EE551677B51E0057E04B /* IT.png in Resources */,
				8361EE561677B51E0057E04B /* GRC.png in Resources */,
				8361EE571677B51E0057E04B /* DE.png in Resources */,
				8361EE581677B51E0057E04B /* FR.png in Resources */,
				8361EE591677B51E0057E04B /* CL.png in Resources */,
				8361EE5A1677B51E0057E04B /* AT.png in Resources */,
				8361EE5C1677B5290057E04B /* data.json in Resources */,
				8361EE691677B5810057E04B /* globe-icon@2x.png in Resources */,
				8361EE6A1677B5810057E04B /* collections@2x.png in Resources */,
				8361EE6B1677B5810057E04B /* food_grapes@2x.png in Resources */,
				8361EE6C1677B5810057E04B /* food_wine_bottle_glass@2x.png in Resources */,
				8361EE6D1677B5810057E04B /* food_wine_bottle@2x.png in Resources */,
				8361EE6E1677B5810057E04B /* food_wine_glass@2x.png in Resources */,
				8361EE731677B5930057E04B /* food_grapes_black@2x.png in Resources */,
				8361EE741677B5930057E04B /* add-wine-button@2x.png in Resources */,
				8361EE751677B5930057E04B /* globe@2x.png in Resources */,
				8361EE761677B5930057E04B /* trashbin@2x.png in Resources */,
				8361EE781677B5B70057E04B /* Default-568h@2x.png in Resources */,
				8319B0011677C295005E28BB /* PaperFoldResources.bundle in Resources */,
				8319B0041677C295005E28BB /* swipe_guide.psd in Resources */,
				8319B0051677C295005E28BB /* swipe_guide2.psd in Resources */,
				833146E1167931BA000F9654 /* wine_bottle@2x.png in Resources */,
			);
			runOnlyForDeploymentPostprocessing = 0;
		};
/* End PBXResourcesBuildPhase section */

/* Begin PBXSourcesBuildPhase section */
		83D5DD63163EBC50001C857E /* Sources */ = {
			isa = PBXSourcesBuildPhase;
			buildActionMask = 2147483647;
			files = (
				83E79D9E1677AA0300E0E42D /* Wine.m in Sources */,
				83E79D9F1677AA0300E0E42D /* _Wine.m in Sources */,
				83E79DA01677AA0300E0E42D /* _GrapeType.m in Sources */,
				83E79DA11677AA0300E0E42D /* GrapeType.m in Sources */,
				83E79DA21677AA0300E0E42D /* _Varietal.m in Sources */,
				83E79DA31677AA0300E0E42D /* Varietal.m in Sources */,
				83E79DA41677AA0300E0E42D /* _Country.m in Sources */,
				83E79DA51677AA0300E0E42D /* Country.m in Sources */,
				83E79DA61677AA0300E0E42D /* _Indication.m in Sources */,
				83E79DA71677AA0300E0E42D /* Indication.m in Sources */,
				83E79DA81677AA0300E0E42D /* _Classification.m in Sources */,
				83E79DA91677AA0300E0E42D /* Classification.m in Sources */,
				83E79DAA1677AA0300E0E42D /* _Region.m in Sources */,
				83E79DAB1677AA0300E0E42D /* Region.m in Sources */,
				83E79DAC1677AA0300E0E42D /* _Appellation.m in Sources */,
				83E79DAD1677AA0300E0E42D /* _Location.m in Sources */,
				83E79DAE1677AA0300E0E42D /* _Winery.m in Sources */,
				83E79DAF1677AA0300E0E42D /* Appellation.m in Sources */,
				83E79DB01677AA0300E0E42D /* Location.m in Sources */,
				83E79DB11677AA0300E0E42D /* Winery.m in Sources */,
				83E79DBC1677AA1400E0E42D /* UIImage+ProportionalFill.m in Sources */,
				83E79DBD1677AA1400E0E42D /* UIImage+Tint.m in Sources */,
				83E79DBE1677AA1400E0E42D /* UIView+ObjectTagAdditions.m in Sources */,
				83E79DBF1677AA1400E0E42D /* UIImage+Scale.m in Sources */,
				83E79DC01677AA1400E0E42D /* UIColor+CellarColours.m in Sources */,
				83E79DC91677AA2600E0E42D /* WineCell.m in Sources */,
				83E79DCA1677AA2600E0E42D /* SettingsCell.m in Sources */,
				83E79DCB1677AA2600E0E42D /* CellarTableViewCell.m in Sources */,
				83E79DCC1677AA2600E0E42D /* ColourCell.m in Sources */,
				83E79DD11677AA4000E0E42D /* AddWineViewController.m in Sources */,
				83E79DD21677AA4000E0E42D /* WineDetailViewController.m in Sources */,
				83E79DE11677AA5100E0E42D /* WineTableViewController.m in Sources */,
				83E79DE21677AA5100E0E42D /* AbstractTableViewController.m in Sources */,
				83E79DE31677AA5100E0E42D /* VarietalTableViewController.m in Sources */,
				83E79DE41677AA5100E0E42D /* ColourTableViewController.m in Sources */,
				83E79DE51677AA5100E0E42D /* AppellationTableViewController.m in Sources */,
				83E79DE61677AA5100E0E42D /* RegionTableViewController.m in Sources */,
				83E79DE71677AA5100E0E42D /* CountryTableViewController.m in Sources */,
				83E79DEA1677AA6900E0E42D /* RaisedTabBarController.m in Sources */,
				83E79DED1677AA8100E0E42D /* InitialDataImportService.m in Sources */,
				83E79DF01677AA9C00E0E42D /* AppDelegate.m in Sources */,
				8361EE291677B4B50057E04B /* main.m in Sources */,
				8361EE621677B55B0057E04B /* Cellar.xcdatamodeld in Sources */,
				8319AFB71677BFF8005E28BB /* MagicalImportFunctions.m in Sources */,
				8319AFB81677BFF8005E28BB /* NSAttributeDescription+MagicalDataImport.m in Sources */,
				8319AFB91677BFF8005E28BB /* NSEntityDescription+MagicalDataImport.m in Sources */,
				8319AFBA1677BFF8005E28BB /* NSNumber+MagicalDataImport.m in Sources */,
				8319AFBB1677BFF8005E28BB /* NSObject+MagicalDataImport.m in Sources */,
				8319AFBC1677BFF8005E28BB /* NSRelationshipDescription+MagicalDataImport.m in Sources */,
				8319AFBD1677BFF8005E28BB /* NSString+MagicalDataImport.m in Sources */,
				8319AFBE1677BFF8005E28BB /* NSManagedObject+MagicalAggregation.m in Sources */,
				8319AFBF1677BFF8005E28BB /* NSManagedObject+MagicalDataImport.m in Sources */,
				8319AFC01677BFF8005E28BB /* NSManagedObject+MagicalFinders.m in Sources */,
				8319AFC11677BFF8005E28BB /* NSManagedObject+MagicalRecord.m in Sources */,
				8319AFC21677BFF8005E28BB /* NSManagedObject+MagicalRequests.m in Sources */,
				8319AFC31677BFF8005E28BB /* NSManagedObjectContext+MagicalObserving.m in Sources */,
				8319AFC41677BFF8005E28BB /* NSManagedObjectContext+MagicalRecord.m in Sources */,
				8319AFC51677BFF8005E28BB /* NSManagedObjectContext+MagicalSaves.m in Sources */,
				8319AFC61677BFF8005E28BB /* NSManagedObjectContext+MagicalThreading.m in Sources */,
				8319AFC71677BFF8005E28BB /* NSManagedObjectModel+MagicalRecord.m in Sources */,
				8319AFC81677BFF8005E28BB /* NSPersistentStore+MagicalRecord.m in Sources */,
				8319AFC91677BFF8005E28BB /* NSPersistentStoreCoordinator+MagicalRecord.m in Sources */,
				8319AFCA1677BFF8005E28BB /* MagicalRecord+Actions.m in Sources */,
				8319AFCB1677BFF8005E28BB /* MagicalRecord+ErrorHandling.m in Sources */,
				8319AFCC1677BFF8005E28BB /* MagicalRecord+iCloud.m in Sources */,
				8319AFCD1677BFF8005E28BB /* MagicalRecord+Options.m in Sources */,
				8319AFCE1677BFF8005E28BB /* MagicalRecord+Setup.m in Sources */,
				8319AFCF1677BFF8005E28BB /* MagicalRecord+ShorthandSupport.m in Sources */,
				8319AFD01677BFF8005E28BB /* MagicalRecord.m in Sources */,
				8319AFFD1677C295005E28BB /* FacingView.m in Sources */,
				8319AFFE1677C295005E28BB /* FoldView.m in Sources */,
				8319AFFF1677C295005E28BB /* MultiFoldView.m in Sources */,
				8319B0001677C295005E28BB /* PaperFoldNavigationController.m in Sources */,
				8319B0021677C295005E28BB /* PaperFoldSwipeHintView.m in Sources */,
				8319B0031677C295005E28BB /* PaperFoldView.m in Sources */,
				8319B0061677C295005E28BB /* ShadowView.m in Sources */,
				8319B0071677C295005E28BB /* TouchThroughUIView.m in Sources */,
				8319B0081677C295005E28BB /* UIView+Screenshot.m in Sources */,
				833146D51678D2E5000F9654 /* WineFilterFoldViewController.m in Sources */,
				833146DD16791B0E000F9654 /* PopoverView.m in Sources */,
			);
			runOnlyForDeploymentPostprocessing = 0;
		};
/* End PBXSourcesBuildPhase section */

/* Begin PBXTargetDependency section */
		8319AFDE1677C0CE005E28BB /* PBXTargetDependency */ = {
			isa = PBXTargetDependency;
			name = SSToolkit;
			targetProxy = 8319AFDD1677C0CE005E28BB /* PBXContainerItemProxy */;
		};
		8319AFE01677C0CE005E28BB /* PBXTargetDependency */ = {
			isa = PBXTargetDependency;
			name = SSToolkitResources;
			targetProxy = 8319AFDF1677C0CE005E28BB /* PBXContainerItemProxy */;
		};
/* End PBXTargetDependency section */

/* Begin XCBuildConfiguration section */
		83D5DD88163EBC50001C857E /* Debug */ = {
			isa = XCBuildConfiguration;
			buildSettings = {
				ALWAYS_SEARCH_USER_PATHS = YES;
				CLANG_CXX_LANGUAGE_STANDARD = "gnu++0x";
				CLANG_CXX_LIBRARY = "libc++";
				CLANG_ENABLE_OBJC_ARC = YES;
				CLANG_WARN_EMPTY_BODY = YES;
				CLANG_WARN__DUPLICATE_METHOD_MATCH = YES;
				"CODE_SIGN_IDENTITY[sdk=iphoneos*]" = "iPhone Developer";
				COPY_PHASE_STRIP = NO;
				GCC_C_LANGUAGE_STANDARD = gnu99;
				GCC_DYNAMIC_NO_PIC = NO;
				GCC_OPTIMIZATION_LEVEL = 0;
				GCC_PREPROCESSOR_DEFINITIONS = (
					"DEBUG=1",
					"$(inherited)",
				);
				GCC_SYMBOLS_PRIVATE_EXTERN = NO;
				GCC_WARN_ABOUT_RETURN_TYPE = YES;
				GCC_WARN_UNINITIALIZED_AUTOS = YES;
				GCC_WARN_UNUSED_VARIABLE = YES;
				IPHONEOS_DEPLOYMENT_TARGET = 6.0;
				SDKROOT = iphoneos;
			};
			name = Debug;
		};
		83D5DD89163EBC50001C857E /* Release */ = {
			isa = XCBuildConfiguration;
			buildSettings = {
				ALWAYS_SEARCH_USER_PATHS = YES;
				CLANG_CXX_LANGUAGE_STANDARD = "gnu++0x";
				CLANG_CXX_LIBRARY = "libc++";
				CLANG_ENABLE_OBJC_ARC = YES;
				CLANG_WARN_EMPTY_BODY = YES;
				CLANG_WARN__DUPLICATE_METHOD_MATCH = YES;
				"CODE_SIGN_IDENTITY[sdk=iphoneos*]" = "iPhone Developer";
				COPY_PHASE_STRIP = YES;
				GCC_C_LANGUAGE_STANDARD = gnu99;
				GCC_WARN_ABOUT_RETURN_TYPE = YES;
				GCC_WARN_UNINITIALIZED_AUTOS = YES;
				GCC_WARN_UNUSED_VARIABLE = YES;
				IPHONEOS_DEPLOYMENT_TARGET = 6.0;
				OTHER_CFLAGS = "-DNS_BLOCK_ASSERTIONS=1";
				SDKROOT = iphoneos;
				VALIDATE_PRODUCT = YES;
			};
			name = Release;
		};
		83D5DD8B163EBC50001C857E /* Debug */ = {
			isa = XCBuildConfiguration;
			buildSettings = {
				CODE_SIGN_IDENTITY = "iPhone Developer";
				GCC_DYNAMIC_NO_PIC = NO;
				GCC_PRECOMPILE_PREFIX_HEADER = YES;
				GCC_PREFIX_HEADER = "Cellar-Prefix.pch";
				HEADER_SEARCH_PATHS = (
					"Frameworks/SS-Toolkit/SSToolkit",
					"Frameworks/SS-Toolkit",
				);
				INFOPLIST_FILE = "Cellar-Info.plist";
				LIBRARY_SEARCH_PATHS = (
					"$(inherited)",
					"\"$(SRCROOT)/../../../../Library/Developer/Xcode/DerivedData/Cellar-ayhnfeybmgjysfflcbmcjmnyqkqz/Build/Products/Debug-iphoneos\"",
					"\"$(SRCROOT)/Frameworks/Magical-Record/Project Files/iOS App Unit Tests/Frameworks/OCMockLibrary\"",
					"\"$(SRCROOT)/Frameworks/Magical-Record/Project Files/Mac App Unit Tests/Frameworks/OCMockLibrary\"",
				);
				OTHER_LDFLAGS = (
					"-all_load",
					"-ObjC",
				);
				PRODUCT_NAME = "$(TARGET_NAME)";
				PROVISIONING_PROFILE = "";
				WRAPPER_EXTENSION = app;
			};
			name = Debug;
		};
		83D5DD8C163EBC50001C857E /* Release */ = {
			isa = XCBuildConfiguration;
			buildSettings = {
				GCC_DYNAMIC_NO_PIC = NO;
				GCC_PRECOMPILE_PREFIX_HEADER = YES;
				GCC_PREFIX_HEADER = "Cellar-Prefix.pch";
				HEADER_SEARCH_PATHS = (
					"Frameworks/SS-Toolkit/SSToolkit",
					"Frameworks/SS-Toolkit",
				);
				INFOPLIST_FILE = "Cellar-Info.plist";
				LIBRARY_SEARCH_PATHS = (
					"$(inherited)",
					"\"$(SRCROOT)/../../../../Library/Developer/Xcode/DerivedData/Cellar-ayhnfeybmgjysfflcbmcjmnyqkqz/Build/Products/Debug-iphoneos\"",
					"\"$(SRCROOT)/Frameworks/Magical-Record/Project Files/iOS App Unit Tests/Frameworks/OCMockLibrary\"",
					"\"$(SRCROOT)/Frameworks/Magical-Record/Project Files/Mac App Unit Tests/Frameworks/OCMockLibrary\"",
				);
				OTHER_LDFLAGS = (
					"-all_load",
					"-ObjC",
				);
				PRODUCT_NAME = "$(TARGET_NAME)";
				WRAPPER_EXTENSION = app;
			};
			name = Release;
		};
/* End XCBuildConfiguration section */

/* Begin XCConfigurationList section */
		83D5DD61163EBC50001C857E /* Build configuration list for PBXProject "Cellar" */ = {
			isa = XCConfigurationList;
			buildConfigurations = (
				83D5DD88163EBC50001C857E /* Debug */,
				83D5DD89163EBC50001C857E /* Release */,
			);
			defaultConfigurationIsVisible = 0;
			defaultConfigurationName = Release;
		};
		83D5DD8A163EBC50001C857E /* Build configuration list for PBXNativeTarget "Cellar" */ = {
			isa = XCConfigurationList;
			buildConfigurations = (
				83D5DD8B163EBC50001C857E /* Debug */,
				83D5DD8C163EBC50001C857E /* Release */,
			);
			defaultConfigurationIsVisible = 0;
			defaultConfigurationName = Release;
		};
/* End XCConfigurationList section */

/* Begin XCVersionGroup section */
		8361EE601677B55B0057E04B /* Cellar.xcdatamodeld */ = {
			isa = XCVersionGroup;
			children = (
				8361EE611677B55B0057E04B /* Cellar.xcdatamodel */,
			);
			currentVersion = 8361EE611677B55B0057E04B /* Cellar.xcdatamodel */;
			path = Cellar.xcdatamodeld;
			sourceTree = SOURCE_ROOT;
			versionGroupType = wrapper.xcdatamodel;
		};
/* End XCVersionGroup section */
	};
	rootObject = 83D5DD5E163EBC50001C857E /* Project object */;
}
